<?xml version="1.0" encoding="utf-8"?>
<Project ToolsVersion="4.0" xmlns="http://schemas.microsoft.com/developer/msbuild/2003">
  <ItemGroup>
    <Filter Include="Source Files">
      <UniqueIdentifier>{4FC737F1-C7A5-4376-A066-2A32D752A2FF}</UniqueIdentifier>
      <Extensions>cpp;c;cc;cxx;def;odl;idl;hpj;bat;asm;asmx</Extensions>
    </Filter>
    <Filter Include="Header Files">
      <UniqueIdentifier>{93995380-89BD-4b04-88EB-625FBE52EBFB}</UniqueIdentifier>
      <Extensions>h;hh;hpp;hxx;hm;inl;inc;xsd</Extensions>
    </Filter>
    <Filter Include="Resource Files">
      <UniqueIdentifier>{67DA6AB6-F800-4c08-8B7A-83BB121AAD01}</UniqueIdentifier>
      <Extensions>rc;ico;cur;bmp;dlg;rc2;rct;bin;rgs;gif;jpg;jpeg;jpe;resx;tiff;tif;png;wav;mfcribbon-ms</Extensions>
    </Filter>
    <Filter Include="Header Files\Program">
      <UniqueIdentifier>{c7b2d96b-a24b-4f93-9964-a90ca12cbe67}</UniqueIdentifier>
    </Filter>
    <Filter Include="Source Files\Program">
      <UniqueIdentifier>{6924d553-8d3e-4f4e-b89c-f5ce7263768b}</UniqueIdentifier>
    </Filter>
    <Filter Include="Header Files\Features">
      <UniqueIdentifier>{5a3ce1b6-3cea-475a-bf8c-925180bc5919}</UniqueIdentifier>
    </Filter>
    <Filter Include="Header Files\Features\Miscellaneous">
      <UniqueIdentifier>{ea56b472-76e5-4d79-b5ed-99b6d9eb1db9}</UniqueIdentifier>
    </Filter>
    <Filter Include="Header Files\Features\Combat">
      <UniqueIdentifier>{c93461b1-fed3-4f37-950b-6b309a2315ed}</UniqueIdentifier>
    </Filter>
    <Filter Include="Header Files\Features\Awareness">
      <UniqueIdentifier>{7784ff73-d09f-42fd-8ac8-0223b61cccb4}</UniqueIdentifier>
    </Filter>
    <Filter Include="Source Files\Features">
      <UniqueIdentifier>{0cbd2a37-fe32-4af3-a397-958481aef17c}</UniqueIdentifier>
    </Filter>
    <Filter Include="Source Files\Features\Combat">
      <UniqueIdentifier>{34c33d9a-2ec4-4a43-af17-4cf81ff4c1f6}</UniqueIdentifier>
    </Filter>
    <Filter Include="Source Files\Features\Awareness">
      <UniqueIdentifier>{4b67586e-7172-4adb-8f46-61d70be00d0b}</UniqueIdentifier>
    </Filter>
    <Filter Include="Source Files\Features\Miscellaneous">
      <UniqueIdentifier>{1af62995-12df-44cd-ae2a-ecb32360ce03}</UniqueIdentifier>
    </Filter>
  </ItemGroup>
  <ItemGroup>
    <ClInclude Include="dllmain.h">
      <Filter>Header Files\Program</Filter>
    </ClInclude>
    <ClInclude Include="aim.h">
      <Filter>Header Files\Features\Combat</Filter>
    </ClInclude>
    <ClInclude Include="rcs.h">
      <Filter>Header Files\Features\Combat</Filter>
    </ClInclude>
    <ClInclude Include="memory.h">
      <Filter>Header Files\Program</Filter>
    </ClInclude>
    <ClInclude Include="menu.h">
      <Filter>Header Files\Program</Filter>
    </ClInclude>
    <ClInclude Include="config.h">
      <Filter>Header Files\Program</Filter>
    </ClInclude>
    <ClInclude Include="glow.h">
      <Filter>Header Files\Features\Awareness</Filter>
    </ClInclude>
  </ItemGroup>
  <ItemGroup>
    <ClCompile Include="dllmain.cpp">
      <Filter>Source Files\Program</Filter>
    </ClCompile>
    <ClCompile Include="aim.cpp">
      <Filter>Source Files\Features\Combat</Filter>
    </ClCompile>
    <ClCompile Include="rcs.cpp">
      <Filter>Source Files\Features\Combat</Filter>
    </ClCompile>
    <ClCompile Include="memory.cpp">
      <Filter>Source Files\Program</Filter>
    </ClCompile>
    <ClCompile Include="menu.cpp">
      <Filter>Source Files\Program</Filter>
    </ClCompile>
    <ClCompile Include="config.cpp">
      <Filter>Source Files\Program</Filter>
    </ClCompile>
    <ClCompile Include="glow.cpp">
      <Filter>Source Files\Features\Awareness</Filter>
    </ClCompile>
  </ItemGroup>
</Project>