
Microsoft Visual Studio Solution File, Format Version 12.00
# Visual Studio 15
VisualStudioVersion = 15.0.27004.2006
MinimumVisualStudioVersion = 10.0.40219.1
Project("{8BC9CEB8-8B4A-11D0-8D11-00A0C91BC942}") = "CSGO", "CSGO\CSGO.vcxproj", "{BDD0D568-EB2B-4B9B-9C1A-D8E4BEB19A4C}"
EndProject
Project("{2150E333-8FDC-42A3-9474-1A3956D46DE8}") = "Solution Items", "Solution Items", "{DF5F7BDB-BDDF-47A5-B136-D9B37536ED61}"
	ProjectSection(SolutionItems) = preProject
		..\README.md = ..\README.md
	EndProjectSection
EndProject
Global
	GlobalSection(SolutionConfigurationPlatforms) = preSolution
		Debug|x64 = Debug|x64
		Debug|x86 = Debug|x86
		Release|x64 = Release|x64
		Release|x86 = Release|x86
	EndGlobalSection
	GlobalSection(ProjectConfigurationPlatforms) = postSolution
		{BDD0D568-EB2B-4B9B-9C1A-D8E4BEB19A4C}.Debug|x64.ActiveCfg = Debug|x64
		{BDD0D568-EB2B-4B9B-9C1A-D8E4BEB19A4C}.Debug|x64.Build.0 = Debug|x64
		{BDD0D568-EB2B-4B9B-9C1A-D8E4BEB19A4C}.Debug|x86.ActiveCfg = Debug|Win32
		{BDD0D568-EB2B-4B9B-9C1A-D8E4BEB19A4C}.Debug|x86.Build.0 = Debug|Win32
		{BDD0D568-EB2B-4B9B-9C1A-D8E4BEB19A4C}.Release|x64.ActiveCfg = Release|x64
		{BDD0D568-EB2B-4B9B-9C1A-D8E4BEB19A4C}.Release|x64.Build.0 = Release|x64
		{BDD0D568-EB2B-4B9B-9C1A-D8E4BEB19A4C}.Release|x86.ActiveCfg = Release|Win32
		{BDD0D568-EB2B-4B9B-9C1A-D8E4BEB19A4C}.Release|x86.Build.0 = Release|Win32
	EndGlobalSection
	GlobalSection(SolutionProperties) = preSolution
		HideSolutionNode = FALSE
	EndGlobalSection
	GlobalSection(ExtensibilityGlobals) = postSolution
		SolutionGuid = {82CB9B0F-8E32-4299-97FC-9E51886F4870}
	EndGlobalSection
EndGlobal
