
Microsoft Visual Studio Solution File, Format Version 12.00
# Visual Studio 15
VisualStudioVersion = 15.0.27703.2026
MinimumVisualStudioVersion = 10.0.40219.1
Project("{8BC9CEB8-8B4A-11D0-8D11-00A0C91BC942}") = "PE Loader", "PE Loader\PE Loader.vcxproj", "{242232EE-83F0-48FE-99C5-7ACB41FB1A39}"
	ProjectSection(ProjectDependencies) = postProject
		{3DE44977-CCF2-44D5-ACC3-0DE1F0475E6B} = {3DE44977-CCF2-44D5-ACC3-0DE1F0475E6B}
	EndProjectSection
EndProject
Project("{8BC9CEB8-8B4A-11D0-8D11-00A0C91BC942}") = "PE CSGO", "PE CSGO\PE CSGO.vcxproj", "{AB70D6F4-7D86-4EED-ABDC-808CECB50ED6}"
	ProjectSection(ProjectDependencies) = postProject
		{3DE44977-CCF2-44D5-ACC3-0DE1F0475E6B} = {3DE44977-CCF2-44D5-ACC3-0DE1F0475E6B}
	EndProjectSection
EndProject
Project("{8BC9CEB8-8B4A-11D0-8D11-00A0C91BC942}") = "PE Framework", "PE Framework\PE Framework.vcxproj", "{3DE44977-CCF2-44D5-ACC3-0DE1F0475E6B}"
EndProject
Project("{8BC9CEB8-8B4A-11D0-8D11-00A0C91BC942}") = "PE Driver", "PE Driver\PE Driver.vcxproj", "{FA1CEBD2-773C-44C3-AC50-3B191C6A1D15}"
EndProject
Project("{8BC9CEB8-8B4A-11D0-8D11-00A0C91BC942}") = "PE Virtual Drive", "PE Virtual Drive\PE Virtual Drive.vcxproj", "{D76D2DF9-E618-4601-A72C-1810751CF7DD}"
	ProjectSection(ProjectDependencies) = postProject
		{3DE44977-CCF2-44D5-ACC3-0DE1F0475E6B} = {3DE44977-CCF2-44D5-ACC3-0DE1F0475E6B}
	EndProjectSection
EndProject
Global
	GlobalSection(SolutionConfigurationPlatforms) = preSolution
		Debug|ARM = Debug|ARM
		Debug|ARM64 = Debug|ARM64
		Debug|x64 = Debug|x64
		Debug|x86 = Debug|x86
		Release|ARM = Release|ARM
		Release|ARM64 = Release|ARM64
		Release|x64 = Release|x64
		Release|x86 = Release|x86
	EndGlobalSection
	GlobalSection(ProjectConfigurationPlatforms) = postSolution
		{242232EE-83F0-48FE-99C5-7ACB41FB1A39}.Debug|ARM.ActiveCfg = Debug|Win32
		{242232EE-83F0-48FE-99C5-7ACB41FB1A39}.Debug|ARM64.ActiveCfg = Debug|Win32
		{242232EE-83F0-48FE-99C5-7ACB41FB1A39}.Debug|x64.ActiveCfg = Debug|Win32
		{242232EE-83F0-48FE-99C5-7ACB41FB1A39}.Debug|x86.ActiveCfg = Debug|Win32
		{242232EE-83F0-48FE-99C5-7ACB41FB1A39}.Debug|x86.Build.0 = Debug|Win32
		{242232EE-83F0-48FE-99C5-7ACB41FB1A39}.Release|ARM.ActiveCfg = Release|Win32
		{242232EE-83F0-48FE-99C5-7ACB41FB1A39}.Release|ARM64.ActiveCfg = Release|Win32
		{242232EE-83F0-48FE-99C5-7ACB41FB1A39}.Release|x64.ActiveCfg = Release|Win32
		{242232EE-83F0-48FE-99C5-7ACB41FB1A39}.Release|x86.ActiveCfg = Release|Win32
		{242232EE-83F0-48FE-99C5-7ACB41FB1A39}.Release|x86.Build.0 = Release|Win32
		{AB70D6F4-7D86-4EED-ABDC-808CECB50ED6}.Debug|ARM.ActiveCfg = Debug|Win32
		{AB70D6F4-7D86-4EED-ABDC-808CECB50ED6}.Debug|ARM64.ActiveCfg = Debug|Win32
		{AB70D6F4-7D86-4EED-ABDC-808CECB50ED6}.Debug|x64.ActiveCfg = Debug|Win32
		{AB70D6F4-7D86-4EED-ABDC-808CECB50ED6}.Debug|x86.ActiveCfg = Debug|Win32
		{AB70D6F4-7D86-4EED-ABDC-808CECB50ED6}.Debug|x86.Build.0 = Debug|Win32
		{AB70D6F4-7D86-4EED-ABDC-808CECB50ED6}.Release|ARM.ActiveCfg = Release|Win32
		{AB70D6F4-7D86-4EED-ABDC-808CECB50ED6}.Release|ARM64.ActiveCfg = Release|Win32
		{AB70D6F4-7D86-4EED-ABDC-808CECB50ED6}.Release|x64.ActiveCfg = Release|Win32
		{AB70D6F4-7D86-4EED-ABDC-808CECB50ED6}.Release|x86.ActiveCfg = Release|Win32
		{AB70D6F4-7D86-4EED-ABDC-808CECB50ED6}.Release|x86.Build.0 = Release|Win32
		{3DE44977-CCF2-44D5-ACC3-0DE1F0475E6B}.Debug|ARM.ActiveCfg = Debug|Win32
		{3DE44977-CCF2-44D5-ACC3-0DE1F0475E6B}.Debug|ARM64.ActiveCfg = Debug|Win32
		{3DE44977-CCF2-44D5-ACC3-0DE1F0475E6B}.Debug|x64.ActiveCfg = Debug|x64
		{3DE44977-CCF2-44D5-ACC3-0DE1F0475E6B}.Debug|x64.Build.0 = Debug|x64
		{3DE44977-CCF2-44D5-ACC3-0DE1F0475E6B}.Debug|x86.ActiveCfg = Debug|Win32
		{3DE44977-CCF2-44D5-ACC3-0DE1F0475E6B}.Debug|x86.Build.0 = Debug|Win32
		{3DE44977-CCF2-44D5-ACC3-0DE1F0475E6B}.Release|ARM.ActiveCfg = Release|Win32
		{3DE44977-CCF2-44D5-ACC3-0DE1F0475E6B}.Release|ARM64.ActiveCfg = Release|Win32
		{3DE44977-CCF2-44D5-ACC3-0DE1F0475E6B}.Release|x64.ActiveCfg = Release|x64
		{3DE44977-CCF2-44D5-ACC3-0DE1F0475E6B}.Release|x64.Build.0 = Release|x64
		{3DE44977-CCF2-44D5-ACC3-0DE1F0475E6B}.Release|x86.ActiveCfg = Release|Win32
		{3DE44977-CCF2-44D5-ACC3-0DE1F0475E6B}.Release|x86.Build.0 = Release|Win32
		{FA1CEBD2-773C-44C3-AC50-3B191C6A1D15}.Debug|ARM.ActiveCfg = Debug|ARM
		{FA1CEBD2-773C-44C3-AC50-3B191C6A1D15}.Debug|ARM.Build.0 = Debug|ARM
		{FA1CEBD2-773C-44C3-AC50-3B191C6A1D15}.Debug|ARM.Deploy.0 = Debug|ARM
		{FA1CEBD2-773C-44C3-AC50-3B191C6A1D15}.Debug|ARM64.ActiveCfg = Debug|ARM64
		{FA1CEBD2-773C-44C3-AC50-3B191C6A1D15}.Debug|ARM64.Build.0 = Debug|ARM64
		{FA1CEBD2-773C-44C3-AC50-3B191C6A1D15}.Debug|ARM64.Deploy.0 = Debug|ARM64
		{FA1CEBD2-773C-44C3-AC50-3B191C6A1D15}.Debug|x64.ActiveCfg = Debug|x64
		{FA1CEBD2-773C-44C3-AC50-3B191C6A1D15}.Debug|x64.Build.0 = Debug|x64
		{FA1CEBD2-773C-44C3-AC50-3B191C6A1D15}.Debug|x64.Deploy.0 = Debug|x64
		{FA1CEBD2-773C-44C3-AC50-3B191C6A1D15}.Debug|x86.ActiveCfg = Debug|Win32
		{FA1CEBD2-773C-44C3-AC50-3B191C6A1D15}.Debug|x86.Build.0 = Debug|Win32
		{FA1CEBD2-773C-44C3-AC50-3B191C6A1D15}.Debug|x86.Deploy.0 = Debug|Win32
		{FA1CEBD2-773C-44C3-AC50-3B191C6A1D15}.Release|ARM.ActiveCfg = Release|ARM
		{FA1CEBD2-773C-44C3-AC50-3B191C6A1D15}.Release|ARM.Build.0 = Release|ARM
		{FA1CEBD2-773C-44C3-AC50-3B191C6A1D15}.Release|ARM.Deploy.0 = Release|ARM
		{FA1CEBD2-773C-44C3-AC50-3B191C6A1D15}.Release|ARM64.ActiveCfg = Release|ARM64
		{FA1CEBD2-773C-44C3-AC50-3B191C6A1D15}.Release|ARM64.Build.0 = Release|ARM64
		{FA1CEBD2-773C-44C3-AC50-3B191C6A1D15}.Release|ARM64.Deploy.0 = Release|ARM64
		{FA1CEBD2-773C-44C3-AC50-3B191C6A1D15}.Release|x64.ActiveCfg = Release|x64
		{FA1CEBD2-773C-44C3-AC50-3B191C6A1D15}.Release|x64.Build.0 = Release|x64
		{FA1CEBD2-773C-44C3-AC50-3B191C6A1D15}.Release|x64.Deploy.0 = Release|x64
		{FA1CEBD2-773C-44C3-AC50-3B191C6A1D15}.Release|x86.ActiveCfg = Release|Win32
		{FA1CEBD2-773C-44C3-AC50-3B191C6A1D15}.Release|x86.Build.0 = Release|Win32
		{FA1CEBD2-773C-44C3-AC50-3B191C6A1D15}.Release|x86.Deploy.0 = Release|Win32
		{D76D2DF9-E618-4601-A72C-1810751CF7DD}.Debug|ARM.ActiveCfg = Debug|Win32
		{D76D2DF9-E618-4601-A72C-1810751CF7DD}.Debug|ARM64.ActiveCfg = Debug|Win32
		{D76D2DF9-E618-4601-A72C-1810751CF7DD}.Debug|x64.ActiveCfg = Debug|x64
		{D76D2DF9-E618-4601-A72C-1810751CF7DD}.Debug|x64.Build.0 = Debug|x64
		{D76D2DF9-E618-4601-A72C-1810751CF7DD}.Debug|x86.ActiveCfg = Debug|Win32
		{D76D2DF9-E618-4601-A72C-1810751CF7DD}.Debug|x86.Build.0 = Debug|Win32
		{D76D2DF9-E618-4601-A72C-1810751CF7DD}.Release|ARM.ActiveCfg = Release|Win32
		{D76D2DF9-E618-4601-A72C-1810751CF7DD}.Release|ARM64.ActiveCfg = Release|Win32
		{D76D2DF9-E618-4601-A72C-1810751CF7DD}.Release|x64.ActiveCfg = Release|x64
		{D76D2DF9-E618-4601-A72C-1810751CF7DD}.Release|x64.Build.0 = Release|x64
		{D76D2DF9-E618-4601-A72C-1810751CF7DD}.Release|x86.ActiveCfg = Release|Win32
		{D76D2DF9-E618-4601-A72C-1810751CF7DD}.Release|x86.Build.0 = Release|Win32
	EndGlobalSection
	GlobalSection(SolutionProperties) = preSolution
		HideSolutionNode = FALSE
	EndGlobalSection
	GlobalSection(ExtensibilityGlobals) = postSolution
		SolutionGuid = {B95D2169-97E5-4976-8F94-83B658C63196}
	EndGlobalSection
EndGlobal
