
Microsoft Visual Studio Solution File, Format Version 12.00
# Visual Studio 15
VisualStudioVersion = 15.0.27703.2026
MinimumVisualStudioVersion = 10.0.40219.1
Project("{8BC9CEB8-8B4A-11D0-8D11-00A0C91BC942}") = "PX Framework", "PX Framework\PX Framework.vcxproj", "{808D007E-ABFB-4C41-B85F-601066ECE0FB}"
EndProject
Project("{8BC9CEB8-8B4A-11D0-8D11-00A0C91BC942}") = "PX Manager", "PX Manager\PX Manager.vcxproj", "{B01E94BB-1B00-49CC-BD2A-044F750552A5}"
EndProject
Project("{2150E333-8FDC-42A3-9474-1A3956D46DE8}") = "PX Website", "PX Website", "{86072343-4C86-4074-9335-E0829747D3CB}"
	ProjectSection(SolutionItems) = preProject
		PX Website\functions.json = PX Website\functions.json
		PX Website\include.php = PX Website\include.php
		PX Website\PX CSGO.px = PX Website\PX CSGO.px
	EndProjectSection
EndProject
Project("{2150E333-8FDC-42A3-9474-1A3956D46DE8}") = "public_html", "public_html", "{C4B4DDF0-E46A-4FF1-8E7D-4E2F6B94AF35}"
EndProject
Project("{2150E333-8FDC-42A3-9474-1A3956D46DE8}") = "auth", "auth", "{197FBADF-02E0-43BF-B302-E8BDB01C00E7}"
	ProjectSection(SolutionItems) = preProject
		PX Website\public_html\auth\auth.php = PX Website\public_html\auth\auth.php
		PX Website\public_html\auth\ban.php = PX Website\public_html\auth\ban.php
		PX Website\public_html\auth\download.php = PX Website\public_html\auth\download.php
		PX Website\public_html\auth\extensions.php = PX Website\public_html\auth\extensions.php
		PX Website\public_html\auth\key.php = PX Website\public_html\auth\key.php
		PX Website\public_html\auth\lastlaunch.php = PX Website\public_html\auth\lastlaunch.php
		PX Website\public_html\auth\test.php = PX Website\public_html\auth\test.php
		PX Website\public_html\auth\test_safe.php = PX Website\public_html\auth\test_safe.php
	EndProjectSection
EndProject
Project("{8BC9CEB8-8B4A-11D0-8D11-00A0C91BC942}") = "PX Launcher", "PX Launcher\PX Launcher.vcxproj", "{76D36F99-F94B-4A10-94B8-3A17120388BC}"
	ProjectSection(ProjectDependencies) = postProject
		{808D007E-ABFB-4C41-B85F-601066ECE0FB} = {808D007E-ABFB-4C41-B85F-601066ECE0FB}
	EndProjectSection
EndProject
Project("{8BC9CEB8-8B4A-11D0-8D11-00A0C91BC942}") = "PX CSGO", "PX CSGO\PX CSGO.vcxproj", "{DE0F53AB-6B29-4C0D-BD91-024D6493EBDB}"
EndProject
Project("{8BC9CEB8-8B4A-11D0-8D11-00A0C91BC942}") = "PX Debug Injector", "PX Debug Injector\PX Debug Injector.vcxproj", "{212947D1-DF66-48F1-9B42-17EAD065DD52}"
EndProject
Project("{8BC9CEB8-8B4A-11D0-8D11-00A0C91BC942}") = "PX Unit Tests", "PX Unit Tests\PX Unit Tests.vcxproj", "{535A2F32-9744-4FC6-A9A7-10986661DEA6}"
EndProject
Project("{2150E333-8FDC-42A3-9474-1A3956D46DE8}") = "Resources", "Resources", "{490485BC-8F2A-4271-9E41-8CB650742F6F}"
	ProjectSection(SolutionItems) = preProject
		Resources\Paladin Logo Loading.png = Resources\Paladin Logo Loading.png
		Resources\Paladin Logo Small.png = Resources\Paladin Logo Small.png
		Resources\Paladin Logo.ico = Resources\Paladin Logo.ico
		Resources\Paladin Logo.png = Resources\Paladin Logo.png
		Resources\PX Logo.ico = Resources\PX Logo.ico
	EndProjectSection
EndProject
Project("{2150E333-8FDC-42A3-9474-1A3956D46DE8}") = "Game Icons", "Game Icons", "{72E4BF37-A7B7-4F6B-B03B-673753CCF93C}"
	ProjectSection(SolutionItems) = preProject
		Resources\Game Icons\CSGO Sized.png = Resources\Game Icons\CSGO Sized.png
		Resources\Game Icons\CSGO.png = Resources\Game Icons\CSGO.png
		Resources\Game Icons\PUBG Sized.png = Resources\Game Icons\PUBG Sized.png
		Resources\Game Icons\PUBG.png = Resources\Game Icons\PUBG.png
		Resources\Game Icons\RSIX Sized.png = Resources\Game Icons\RSIX Sized.png
		Resources\Game Icons\RSIX.png = Resources\Game Icons\RSIX.png
	EndProjectSection
EndProject
Project("{2150E333-8FDC-42A3-9474-1A3956D46DE8}") = "Cursor", "Cursor", "{E3645A9D-0EAA-4746-91D9-A52F05C77F3F}"
	ProjectSection(SolutionItems) = preProject
		Resources\Cursor\Arrow.png = Resources\Cursor\Arrow.png
		Resources\Cursor\Hand.png = Resources\Cursor\Hand.png
		Resources\Cursor\I Beam.png = Resources\Cursor\I Beam.png
	EndProjectSection
EndProject
Project("{2150E333-8FDC-42A3-9474-1A3956D46DE8}") = "Fonts", "Fonts", "{CFB83B88-365A-42AD-86D4-D4D5904AC0BE}"
	ProjectSection(SolutionItems) = preProject
		Fonts\csgo_icons.ttf = Fonts\csgo_icons.ttf
		Fonts\csgo_icons_outline.ttf = Fonts\csgo_icons_outline.ttf
		Fonts\Envy.ttf = Fonts\Envy.ttf
		Fonts\FontAwesome.ttf = Fonts\FontAwesome.ttf
		Fonts\Roboto.ttf = Fonts\Roboto.ttf
		Fonts\RobotoBold.ttf = Fonts\RobotoBold.ttf
		Fonts\Tahoma.ttf = Fonts\Tahoma.ttf
		Fonts\TahomaBold.ttf = Fonts\TahomaBold.ttf
	EndProjectSection
EndProject
Project("{2150E333-8FDC-42A3-9474-1A3956D46DE8}") = "Sound", "Sound", "{0090B3F8-928C-4D31-84FB-6236EA01AA29}"
	ProjectSection(SolutionItems) = preProject
		Resources\Sound\ButtonClick.wav = Resources\Sound\ButtonClick.wav
		Resources\Sound\Tick.mp3 = Resources\Sound\Tick.mp3
		Resources\Sound\Tick.wav = Resources\Sound\Tick.wav
		Resources\Sound\Untick.mp3 = Resources\Sound\Untick.mp3
		Resources\Sound\Untick.wav = Resources\Sound\Untick.wav
	EndProjectSection
EndProject
Project("{2150E333-8FDC-42A3-9474-1A3956D46DE8}") = "Extension Data", "Extension Data", "{930CD762-6628-453B-A4F3-A7738A68F7CA}"
EndProject
Project("{2150E333-8FDC-42A3-9474-1A3956D46DE8}") = "CSGO", "CSGO", "{F6B09C18-562A-4292-9647-E3811E61C3B0}"
EndProject
Project("{2150E333-8FDC-42A3-9474-1A3956D46DE8}") = "PUBG", "PUBG", "{94BD3811-55EF-450A-AC28-9994690CCA3A}"
EndProject
Project("{2150E333-8FDC-42A3-9474-1A3956D46DE8}") = "RSIX", "RSIX", "{B417AFD9-7E97-4B58-A0C3-B32830B1D0C3}"
EndProject
Project("{2150E333-8FDC-42A3-9474-1A3956D46DE8}") = "Configurations", "Configurations", "{E97716CD-3548-46C7-B24E-CCFE7D4FE338}"
	ProjectSection(SolutionItems) = preProject
		Extensions Data\CSGO\Configurations\global.pxcfg = Extensions Data\CSGO\Configurations\global.pxcfg
		Extensions Data\CSGO\Configurations\none.pxcfg = Extensions Data\CSGO\Configurations\none.pxcfg
	EndProjectSection
EndProject
Project("{2150E333-8FDC-42A3-9474-1A3956D46DE8}") = "Configurations", "Configurations", "{91CC421F-41C2-42DA-B359-39ABC512C20E}"
	ProjectSection(SolutionItems) = preProject
		Extensions Data\PUBG\Configurations\global.pxcfg = Extensions Data\PUBG\Configurations\global.pxcfg
		Extensions Data\PUBG\Configurations\none.pxcfg = Extensions Data\PUBG\Configurations\none.pxcfg
	EndProjectSection
EndProject
Project("{2150E333-8FDC-42A3-9474-1A3956D46DE8}") = "Configurations", "Configurations", "{825A2CEB-5546-4BD4-8CFC-F0FEDBBEE902}"
	ProjectSection(SolutionItems) = preProject
		Extensions Data\RSIX\Configurations\global.pxcfg = Extensions Data\RSIX\Configurations\global.pxcfg
		Extensions Data\RSIX\Configurations\none.pxcfg = Extensions Data\RSIX\Configurations\none.pxcfg
	EndProjectSection
EndProject
Project("{8BC9CEB8-8B4A-11D0-8D11-00A0C91BC942}") = "PX Installer", "PX Installer\PX Installer.vcxproj", "{8391F784-AA73-4830-A399-1B04295A533E}"
EndProject
Global
	GlobalSection(SolutionConfigurationPlatforms) = preSolution
		Debug|x64 = Debug|x64
		Debug|x86 = Debug|x86
		Release|x64 = Release|x64
		Release|x86 = Release|x86
	EndGlobalSection
	GlobalSection(ProjectConfigurationPlatforms) = postSolution
		{808D007E-ABFB-4C41-B85F-601066ECE0FB}.Debug|x64.ActiveCfg = Debug|x64
		{808D007E-ABFB-4C41-B85F-601066ECE0FB}.Debug|x86.ActiveCfg = Debug|Win32
		{808D007E-ABFB-4C41-B85F-601066ECE0FB}.Debug|x86.Build.0 = Debug|Win32
		{808D007E-ABFB-4C41-B85F-601066ECE0FB}.Release|x64.ActiveCfg = Release|x64
		{808D007E-ABFB-4C41-B85F-601066ECE0FB}.Release|x86.ActiveCfg = Release|Win32
		{808D007E-ABFB-4C41-B85F-601066ECE0FB}.Release|x86.Build.0 = Release|Win32
		{B01E94BB-1B00-49CC-BD2A-044F750552A5}.Debug|x64.ActiveCfg = Debug|x64
		{B01E94BB-1B00-49CC-BD2A-044F750552A5}.Debug|x86.ActiveCfg = Debug|Win32
		{B01E94BB-1B00-49CC-BD2A-044F750552A5}.Debug|x86.Build.0 = Debug|Win32
		{B01E94BB-1B00-49CC-BD2A-044F750552A5}.Release|x64.ActiveCfg = Release|x64
		{B01E94BB-1B00-49CC-BD2A-044F750552A5}.Release|x86.ActiveCfg = Release|Win32
		{B01E94BB-1B00-49CC-BD2A-044F750552A5}.Release|x86.Build.0 = Release|Win32
		{76D36F99-F94B-4A10-94B8-3A17120388BC}.Debug|x64.ActiveCfg = Debug|x64
		{76D36F99-F94B-4A10-94B8-3A17120388BC}.Debug|x86.ActiveCfg = Debug|Win32
		{76D36F99-F94B-4A10-94B8-3A17120388BC}.Debug|x86.Build.0 = Debug|Win32
		{76D36F99-F94B-4A10-94B8-3A17120388BC}.Release|x64.ActiveCfg = Release|x64
		{76D36F99-F94B-4A10-94B8-3A17120388BC}.Release|x86.ActiveCfg = Release|Win32
		{76D36F99-F94B-4A10-94B8-3A17120388BC}.Release|x86.Build.0 = Release|Win32
		{DE0F53AB-6B29-4C0D-BD91-024D6493EBDB}.Debug|x64.ActiveCfg = Debug|x64
		{DE0F53AB-6B29-4C0D-BD91-024D6493EBDB}.Debug|x86.ActiveCfg = Debug|Win32
		{DE0F53AB-6B29-4C0D-BD91-024D6493EBDB}.Debug|x86.Build.0 = Debug|Win32
		{DE0F53AB-6B29-4C0D-BD91-024D6493EBDB}.Release|x64.ActiveCfg = Release|x64
		{DE0F53AB-6B29-4C0D-BD91-024D6493EBDB}.Release|x86.ActiveCfg = Release|Win32
		{DE0F53AB-6B29-4C0D-BD91-024D6493EBDB}.Release|x86.Build.0 = Release|Win32
		{212947D1-DF66-48F1-9B42-17EAD065DD52}.Debug|x64.ActiveCfg = Debug|x64
		{212947D1-DF66-48F1-9B42-17EAD065DD52}.Debug|x86.ActiveCfg = Debug|Win32
		{212947D1-DF66-48F1-9B42-17EAD065DD52}.Debug|x86.Build.0 = Debug|Win32
		{212947D1-DF66-48F1-9B42-17EAD065DD52}.Release|x64.ActiveCfg = Release|x64
		{212947D1-DF66-48F1-9B42-17EAD065DD52}.Release|x86.ActiveCfg = Release|Win32
		{535A2F32-9744-4FC6-A9A7-10986661DEA6}.Debug|x64.ActiveCfg = Debug|x64
		{535A2F32-9744-4FC6-A9A7-10986661DEA6}.Debug|x86.ActiveCfg = Debug|Win32
		{535A2F32-9744-4FC6-A9A7-10986661DEA6}.Debug|x86.Build.0 = Debug|Win32
		{535A2F32-9744-4FC6-A9A7-10986661DEA6}.Release|x64.ActiveCfg = Release|x64
		{535A2F32-9744-4FC6-A9A7-10986661DEA6}.Release|x86.ActiveCfg = Release|Win32
		{535A2F32-9744-4FC6-A9A7-10986661DEA6}.Release|x86.Build.0 = Release|Win32
		{8391F784-AA73-4830-A399-1B04295A533E}.Debug|x64.ActiveCfg = Debug|x64
		{8391F784-AA73-4830-A399-1B04295A533E}.Debug|x86.ActiveCfg = Debug|Win32
		{8391F784-AA73-4830-A399-1B04295A533E}.Debug|x86.Build.0 = Debug|Win32
		{8391F784-AA73-4830-A399-1B04295A533E}.Release|x64.ActiveCfg = Release|x64
		{8391F784-AA73-4830-A399-1B04295A533E}.Release|x86.ActiveCfg = Release|Win32
		{8391F784-AA73-4830-A399-1B04295A533E}.Release|x86.Build.0 = Release|Win32
	EndGlobalSection
	GlobalSection(SolutionProperties) = preSolution
		HideSolutionNode = FALSE
	EndGlobalSection
	GlobalSection(NestedProjects) = preSolution
		{C4B4DDF0-E46A-4FF1-8E7D-4E2F6B94AF35} = {86072343-4C86-4074-9335-E0829747D3CB}
		{197FBADF-02E0-43BF-B302-E8BDB01C00E7} = {C4B4DDF0-E46A-4FF1-8E7D-4E2F6B94AF35}
		{72E4BF37-A7B7-4F6B-B03B-673753CCF93C} = {490485BC-8F2A-4271-9E41-8CB650742F6F}
		{E3645A9D-0EAA-4746-91D9-A52F05C77F3F} = {490485BC-8F2A-4271-9E41-8CB650742F6F}
		{0090B3F8-928C-4D31-84FB-6236EA01AA29} = {490485BC-8F2A-4271-9E41-8CB650742F6F}
		{F6B09C18-562A-4292-9647-E3811E61C3B0} = {930CD762-6628-453B-A4F3-A7738A68F7CA}
		{94BD3811-55EF-450A-AC28-9994690CCA3A} = {930CD762-6628-453B-A4F3-A7738A68F7CA}
		{B417AFD9-7E97-4B58-A0C3-B32830B1D0C3} = {930CD762-6628-453B-A4F3-A7738A68F7CA}
		{E97716CD-3548-46C7-B24E-CCFE7D4FE338} = {F6B09C18-562A-4292-9647-E3811E61C3B0}
		{91CC421F-41C2-42DA-B359-39ABC512C20E} = {94BD3811-55EF-450A-AC28-9994690CCA3A}
		{825A2CEB-5546-4BD4-8CFC-F0FEDBBEE902} = {B417AFD9-7E97-4B58-A0C3-B32830B1D0C3}
	EndGlobalSection
	GlobalSection(ExtensibilityGlobals) = postSolution
		SolutionGuid = {24A66B57-00FB-4FDF-88FB-E52264BC538F}
	EndGlobalSection
EndGlobal
