
Microsoft Visual Studio Solution File, Format Version 12.00
# Visual Studio 15
VisualStudioVersion = 15.0.27703.2026
MinimumVisualStudioVersion = 10.0.40219.1
Project("{8BC9CEB8-8B4A-11D0-8D11-00A0C91BC942}") = "PE Loader", "PE Loader\PE Loader.vcxproj", "{242232EE-83F0-48FE-99C5-7ACB41FB1A39}"
EndProject
Project("{8BC9CEB8-8B4A-11D0-8D11-00A0C91BC942}") = "PE CSGO", "PE CSGO\PE CSGO.vcxproj", "{AB70D6F4-7D86-4EED-ABDC-808CECB50ED6}"
EndProject
Global
	GlobalSection(SolutionConfigurationPlatforms) = preSolution
		Debug|x86 = Debug|x86
		Release|x86 = Release|x86
	EndGlobalSection
	GlobalSection(ProjectConfigurationPlatforms) = postSolution
		{242232EE-83F0-48FE-99C5-7ACB41FB1A39}.Debug|x86.ActiveCfg = Debug|Win32
		{242232EE-83F0-48FE-99C5-7ACB41FB1A39}.Debug|x86.Build.0 = Debug|Win32
		{242232EE-83F0-48FE-99C5-7ACB41FB1A39}.Release|x86.ActiveCfg = Release|Win32
		{242232EE-83F0-48FE-99C5-7ACB41FB1A39}.Release|x86.Build.0 = Release|Win32
		{AB70D6F4-7D86-4EED-ABDC-808CECB50ED6}.Debug|x86.ActiveCfg = Debug|Win32
		{AB70D6F4-7D86-4EED-ABDC-808CECB50ED6}.Debug|x86.Build.0 = Debug|Win32
		{AB70D6F4-7D86-4EED-ABDC-808CECB50ED6}.Release|x86.ActiveCfg = Release|Win32
		{AB70D6F4-7D86-4EED-ABDC-808CECB50ED6}.Release|x86.Build.0 = Release|Win32
	EndGlobalSection
	GlobalSection(SolutionProperties) = preSolution
		HideSolutionNode = FALSE
	EndGlobalSection
	GlobalSection(ExtensibilityGlobals) = postSolution
		SolutionGuid = {B95D2169-97E5-4976-8F94-83B658C63196}
	EndGlobalSection
EndGlobal
