
Microsoft Visual Studio Solution File, Format Version 12.00
# Visual Studio 15
VisualStudioVersion = 15.0.27130.2024
MinimumVisualStudioVersion = 10.0.40219.1
Project("{2150E333-8FDC-42A3-9474-1A3956D46DE8}") = "Solution Items", "Solution Items", "{84A78279-0A64-45C5-A99B-B083DCE6B64D}"
	ProjectSection(SolutionItems) = preProject
		.gitattributes = .gitattributes
		.gitignore = .gitignore
		README.md = README.md
	EndProjectSection
EndProject
Project("{8BC9CEB8-8B4A-11D0-8D11-00A0C91BC942}") = "Paladin CSGO", "Paladin CSGO\Paladin CSGO.vcxproj", "{C596153A-8603-4CEC-8DD5-5C4676F7989C}"
	ProjectSection(ProjectDependencies) = postProject
		{E10F7EFE-B8FD-4DE0-9634-42952F187ED4} = {E10F7EFE-B8FD-4DE0-9634-42952F187ED4}
	EndProjectSection
EndProject
Project("{8BC9CEB8-8B4A-11D0-8D11-00A0C91BC942}") = "Paladin Loader", "Paladin Loader\Paladin Loader.vcxproj", "{9A29FB98-E1E8-4811-9B82-0A4F336D7DD8}"
EndProject
Project("{8BC9CEB8-8B4A-11D0-8D11-00A0C91BC942}") = "Paladin Injector", "Paladin Injector\Paladin Injector.vcxproj", "{E10F7EFE-B8FD-4DE0-9634-42952F187ED4}"
	ProjectSection(ProjectDependencies) = postProject
		{9A29FB98-E1E8-4811-9B82-0A4F336D7DD8} = {9A29FB98-E1E8-4811-9B82-0A4F336D7DD8}
	EndProjectSection
EndProject
Global
	GlobalSection(SolutionConfigurationPlatforms) = preSolution
		Debug|x64 = Debug|x64
		Debug|x86 = Debug|x86
		Release|x64 = Release|x64
		Release|x86 = Release|x86
	EndGlobalSection
	GlobalSection(ProjectConfigurationPlatforms) = postSolution
		{C596153A-8603-4CEC-8DD5-5C4676F7989C}.Debug|x64.ActiveCfg = Debug|x64
		{C596153A-8603-4CEC-8DD5-5C4676F7989C}.Debug|x64.Build.0 = Debug|x64
		{C596153A-8603-4CEC-8DD5-5C4676F7989C}.Debug|x86.ActiveCfg = Debug|Win32
		{C596153A-8603-4CEC-8DD5-5C4676F7989C}.Debug|x86.Build.0 = Debug|Win32
		{C596153A-8603-4CEC-8DD5-5C4676F7989C}.Release|x64.ActiveCfg = Release|x64
		{C596153A-8603-4CEC-8DD5-5C4676F7989C}.Release|x64.Build.0 = Release|x64
		{C596153A-8603-4CEC-8DD5-5C4676F7989C}.Release|x86.ActiveCfg = Release|Win32
		{C596153A-8603-4CEC-8DD5-5C4676F7989C}.Release|x86.Build.0 = Release|Win32
		{9A29FB98-E1E8-4811-9B82-0A4F336D7DD8}.Debug|x64.ActiveCfg = Debug|x64
		{9A29FB98-E1E8-4811-9B82-0A4F336D7DD8}.Debug|x64.Build.0 = Debug|x64
		{9A29FB98-E1E8-4811-9B82-0A4F336D7DD8}.Debug|x86.ActiveCfg = Debug|Win32
		{9A29FB98-E1E8-4811-9B82-0A4F336D7DD8}.Debug|x86.Build.0 = Debug|Win32
		{9A29FB98-E1E8-4811-9B82-0A4F336D7DD8}.Release|x64.ActiveCfg = Release|x64
		{9A29FB98-E1E8-4811-9B82-0A4F336D7DD8}.Release|x64.Build.0 = Release|x64
		{9A29FB98-E1E8-4811-9B82-0A4F336D7DD8}.Release|x86.ActiveCfg = Release|Win32
		{9A29FB98-E1E8-4811-9B82-0A4F336D7DD8}.Release|x86.Build.0 = Release|Win32
		{E10F7EFE-B8FD-4DE0-9634-42952F187ED4}.Debug|x64.ActiveCfg = Debug|x64
		{E10F7EFE-B8FD-4DE0-9634-42952F187ED4}.Debug|x64.Build.0 = Debug|x64
		{E10F7EFE-B8FD-4DE0-9634-42952F187ED4}.Debug|x86.ActiveCfg = Debug|Win32
		{E10F7EFE-B8FD-4DE0-9634-42952F187ED4}.Debug|x86.Build.0 = Debug|Win32
		{E10F7EFE-B8FD-4DE0-9634-42952F187ED4}.Release|x64.ActiveCfg = Release|x64
		{E10F7EFE-B8FD-4DE0-9634-42952F187ED4}.Release|x64.Build.0 = Release|x64
		{E10F7EFE-B8FD-4DE0-9634-42952F187ED4}.Release|x86.ActiveCfg = Release|Win32
		{E10F7EFE-B8FD-4DE0-9634-42952F187ED4}.Release|x86.Build.0 = Release|Win32
	EndGlobalSection
	GlobalSection(SolutionProperties) = preSolution
		HideSolutionNode = FALSE
	EndGlobalSection
	GlobalSection(ExtensibilityGlobals) = postSolution
		SolutionGuid = {B65E2A8B-7598-41D1-B7F3-C5777D004470}
	EndGlobalSection
EndGlobal
