<?xml version="1.0" encoding="utf-8"?>
<Project ToolsVersion="4.0" xmlns="http://schemas.microsoft.com/developer/msbuild/2003">
  <ItemGroup>
    <Filter Include="Source Files">
      <UniqueIdentifier>{4FC737F1-C7A5-4376-A066-2A32D752A2FF}</UniqueIdentifier>
      <Extensions>cpp;c;cc;cxx;def;odl;idl;hpj;bat;asm;asmx</Extensions>
    </Filter>
    <Filter Include="Header Files">
      <UniqueIdentifier>{93995380-89BD-4b04-88EB-625FBE52EBFB}</UniqueIdentifier>
      <Extensions>h;hh;hpp;hxx;hm;inl;inc;ipp;xsd</Extensions>
    </Filter>
    <Filter Include="Resource Files">
      <UniqueIdentifier>{67DA6AB6-F800-4c08-8B7A-83BB121AAD01}</UniqueIdentifier>
      <Extensions>rc;ico;cur;bmp;dlg;rc2;rct;bin;rgs;gif;jpg;jpeg;jpe;resx;tiff;tif;png;wav;mfcribbon-ms</Extensions>
    </Filter>
  </ItemGroup>
  <ItemGroup>
    <ClInclude Include="Code\Inclusion.hpp">
      <Filter>Header Files</Filter>
    </ClInclude>
    <ClInclude Include="Code\Types\Color.hpp">
      <Filter>Header Files</Filter>
    </ClInclude>
    <ClInclude Include="Code\Interfaces\CClientState.hpp">
      <Filter>Header Files</Filter>
    </ClInclude>
    <ClInclude Include="Code\Interfaces\CInput.hpp">
      <Filter>Header Files</Filter>
    </ClInclude>
    <ClInclude Include="Code\Interfaces\IAppSystem.hpp">
      <Filter>Header Files</Filter>
    </ClInclude>
    <ClInclude Include="Code\Interfaces\IBaseClientDll.hpp">
      <Filter>Header Files</Filter>
    </ClInclude>
    <ClInclude Include="Code\Interfaces\IBaseInterface.hpp">
      <Filter>Header Files</Filter>
    </ClInclude>
    <ClInclude Include="Code\Interfaces\IClientEntity.hpp">
      <Filter>Header Files</Filter>
    </ClInclude>
    <ClInclude Include="Code\Interfaces\IClientEntityList.hpp">
      <Filter>Header Files</Filter>
    </ClInclude>
    <ClInclude Include="Code\Interfaces\IClientMode.hpp">
      <Filter>Header Files</Filter>
    </ClInclude>
    <ClInclude Include="Code\Interfaces\IClientNetworkable.hpp">
      <Filter>Header Files</Filter>
    </ClInclude>
    <ClInclude Include="Code\Interfaces\IClientRenderable.hpp">
      <Filter>Header Files</Filter>
    </ClInclude>
    <ClInclude Include="Code\Interfaces\IClientThinkable.hpp">
      <Filter>Header Files</Filter>
    </ClInclude>
    <ClInclude Include="Code\Interfaces\IClientUnknown.hpp">
      <Filter>Header Files</Filter>
    </ClInclude>
    <ClInclude Include="Code\Interfaces\ICollideable.hpp">
      <Filter>Header Files</Filter>
    </ClInclude>
    <ClInclude Include="Code\Interfaces\IConVar.hpp">
      <Filter>Header Files</Filter>
    </ClInclude>
    <ClInclude Include="Code\Interfaces\ICVar.hpp">
      <Filter>Header Files</Filter>
    </ClInclude>
    <ClInclude Include="Code\Interfaces\IEngineSound.hpp">
      <Filter>Header Files</Filter>
    </ClInclude>
    <ClInclude Include="Code\Interfaces\IEngineTrace.hpp">
      <Filter>Header Files</Filter>
    </ClInclude>
    <ClInclude Include="Code\Interfaces\IFileSystem.hpp">
      <Filter>Header Files</Filter>
    </ClInclude>
    <ClInclude Include="Code\Interfaces\IGameEventManager.hpp">
      <Filter>Header Files</Filter>
    </ClInclude>
    <ClInclude Include="Code\Interfaces\IGameMovement.hpp">
      <Filter>Header Files</Filter>
    </ClInclude>
    <ClInclude Include="Code\Interfaces\IInputSystem.hpp">
      <Filter>Header Files</Filter>
    </ClInclude>
    <ClInclude Include="Code\Interfaces\ILocalize.hpp">
      <Filter>Header Files</Filter>
    </ClInclude>
    <ClInclude Include="Code\Interfaces\IMaterialSystem.hpp">
      <Filter>Header Files</Filter>
    </ClInclude>
    <ClInclude Include="Code\Interfaces\IMoveHelper.hpp">
      <Filter>Header Files</Filter>
    </ClInclude>
    <ClInclude Include="Code\Interfaces\IPanel.hpp">
      <Filter>Header Files</Filter>
    </ClInclude>
    <ClInclude Include="Code\Interfaces\IPrediction.hpp">
      <Filter>Header Files</Filter>
    </ClInclude>
    <ClInclude Include="Code\Interfaces\IRefCounted.hpp">
      <Filter>Header Files</Filter>
    </ClInclude>
    <ClInclude Include="Code\Interfaces\ISurface.hpp">
      <Filter>Header Files</Filter>
    </ClInclude>
    <ClInclude Include="Code\Interfaces\IVEngineClient.hpp">
      <Filter>Header Files</Filter>
    </ClInclude>
    <ClInclude Include="Code\Interfaces\IViewRenderBeams.hpp">
      <Filter>Header Files</Filter>
    </ClInclude>
    <ClInclude Include="Code\Interfaces\IVModelInfoClient.hpp">
      <Filter>Header Files</Filter>
    </ClInclude>
    <ClInclude Include="Code\Interfaces\IVModelRender.hpp">
      <Filter>Header Files</Filter>
    </ClInclude>
    <ClInclude Include="Code\Interfaces\IVRenderView.hpp">
      <Filter>Header Files</Filter>
    </ClInclude>
    <ClInclude Include="Code\Math\QAngle.hpp">
      <Filter>Header Files</Filter>
    </ClInclude>
    <ClInclude Include="Code\Math\Vector.hpp">
      <Filter>Header Files</Filter>
    </ClInclude>
    <ClInclude Include="Code\Math\Vector2D.hpp">
      <Filter>Header Files</Filter>
    </ClInclude>
    <ClInclude Include="Code\Math\Vector4D.hpp">
      <Filter>Header Files</Filter>
    </ClInclude>
    <ClInclude Include="Code\Math\VMatrix.hpp">
      <Filter>Header Files</Filter>
    </ClInclude>
    <ClInclude Include="Code\Types\CBaseHandle.hpp">
      <Filter>Header Files</Filter>
    </ClInclude>
    <ClInclude Include="Code\Types\CCSWeaponInfo.hpp">
      <Filter>Header Files</Filter>
    </ClInclude>
    <ClInclude Include="Code\Types\CGlobalVars.hpp">
      <Filter>Header Files</Filter>
    </ClInclude>
    <ClInclude Include="Code\Types\CHandle.hpp">
      <Filter>Header Files</Filter>
    </ClInclude>
    <ClInclude Include="Code\Types\characterset.hpp">
      <Filter>Header Files</Filter>
    </ClInclude>
    <ClInclude Include="Code\Types\checksum_crc.hpp">
      <Filter>Header Files</Filter>
    </ClInclude>
    <ClInclude Include="Code\Types\checksum_md5.hpp">
      <Filter>Header Files</Filter>
    </ClInclude>
    <ClInclude Include="Code\Types\ClientClass.hpp">
      <Filter>Header Files</Filter>
    </ClInclude>
    <ClInclude Include="Code\Types\ConVar.hpp">
      <Filter>Header Files</Filter>
    </ClInclude>
    <ClInclude Include="Code\Types\CUserCmd.hpp">
      <Filter>Header Files</Filter>
    </ClInclude>
    <ClInclude Include="Code\Types\Enumerations.hpp">
      <Filter>Header Files</Filter>
    </ClInclude>
    <ClInclude Include="Code\Types\GlowOutlineEffect.hpp">
      <Filter>Header Files</Filter>
    </ClInclude>
    <ClInclude Include="Code\Types\IHandleEntity.hpp">
      <Filter>Header Files</Filter>
    </ClInclude>
    <ClInclude Include="Code\Types\PaintKit.hpp">
      <Filter>Header Files</Filter>
    </ClInclude>
    <ClInclude Include="Code\Types\platform.hpp">
      <Filter>Header Files</Filter>
    </ClInclude>
    <ClInclude Include="Code\Types\Recv.hpp">
      <Filter>Header Files</Filter>
    </ClInclude>
    <ClInclude Include="Code\Types\Studio.hpp">
      <Filter>Header Files</Filter>
    </ClInclude>
    <ClInclude Include="Code\Types\UtlBuffer.hpp">
      <Filter>Header Files</Filter>
    </ClInclude>
    <ClInclude Include="Code\Types\UtlMemory.hpp">
      <Filter>Header Files</Filter>
    </ClInclude>
    <ClInclude Include="Code\Types\UtlString.hpp">
      <Filter>Header Files</Filter>
    </ClInclude>
    <ClInclude Include="Code\Types\UtlVector.hpp">
      <Filter>Header Files</Filter>
    </ClInclude>
  </ItemGroup>
  <ItemGroup>
    <ClCompile Include="Code\Types\Color.cpp">
      <Filter>Source Files</Filter>
    </ClCompile>
    <ClCompile Include="Code\Math\Vector2D.cpp">
      <Filter>Source Files</Filter>
    </ClCompile>
    <ClCompile Include="Code\Math\Vector4D.cpp">
      <Filter>Source Files</Filter>
    </ClCompile>
    <ClCompile Include="Code\Math\VMatrix.cpp">
      <Filter>Source Files</Filter>
    </ClCompile>
    <ClCompile Include="Code\Types\characterset.cpp">
      <Filter>Source Files</Filter>
    </ClCompile>
    <ClCompile Include="Code\Types\checksum_crc.cpp">
      <Filter>Source Files</Filter>
    </ClCompile>
    <ClCompile Include="Code\Types\checksum_md5.cpp">
      <Filter>Source Files</Filter>
    </ClCompile>
    <ClCompile Include="Code\Types\ConVar.cpp">
      <Filter>Source Files</Filter>
    </ClCompile>
    <ClCompile Include="Code\Types\UtlBuffer.cpp">
      <Filter>Source Files</Filter>
    </ClCompile>
    <ClCompile Include="Code\Types\UtlString.cpp">
      <Filter>Source Files</Filter>
    </ClCompile>
  </ItemGroup>
</Project>