<?xml version="1.0" encoding="utf-8"?>
<Project ToolsVersion="4.0" xmlns="http://schemas.microsoft.com/developer/msbuild/2003">
  <ItemGroup>
    <Filter Include="Source Files">
      <UniqueIdentifier>{4FC737F1-C7A5-4376-A066-2A32D752A2FF}</UniqueIdentifier>
      <Extensions>cpp;c;cc;cxx;def;odl;idl;hpj;bat;asm;asmx</Extensions>
    </Filter>
    <Filter Include="Header Files">
      <UniqueIdentifier>{93995380-89BD-4b04-88EB-625FBE52EBFB}</UniqueIdentifier>
      <Extensions>h;hh;hpp;hxx;hm;inl;inc;ipp;xsd</Extensions>
    </Filter>
    <Filter Include="Resource Files">
      <UniqueIdentifier>{67DA6AB6-F800-4c08-8B7A-83BB121AAD01}</UniqueIdentifier>
      <Extensions>rc;ico;cur;bmp;dlg;rc2;rct;bin;rgs;gif;jpg;jpeg;jpe;resx;tiff;tif;png;wav;mfcribbon-ms</Extensions>
    </Filter>
  </ItemGroup>
  <ItemGroup>
    <ClInclude Include="Code\CSGO SDK.hpp">
      <Filter>Header Files</Filter>
    </ClInclude>
    <ClInclude Include="Code\CNetChannel Extended.hpp">
      <Filter>Header Files</Filter>
    </ClInclude>
    <ClInclude Include="Code\public\appframework\IAppSystem.h">
      <Filter>Header Files</Filter>
    </ClInclude>
    <ClInclude Include="Code\public\mathlib\math_pfns.h">
      <Filter>Header Files</Filter>
    </ClInclude>
    <ClInclude Include="Code\public\mathlib\mathlib.h">
      <Filter>Header Files</Filter>
    </ClInclude>
    <ClInclude Include="Code\public\mathlib\vector.h">
      <Filter>Header Files</Filter>
    </ClInclude>
    <ClInclude Include="Code\public\mathlib\vector2d.h">
      <Filter>Header Files</Filter>
    </ClInclude>
    <ClInclude Include="Code\public\mathlib\vector4d.h">
      <Filter>Header Files</Filter>
    </ClInclude>
    <ClInclude Include="Code\public\mathlib\vmatrix.h">
      <Filter>Header Files</Filter>
    </ClInclude>
    <ClInclude Include="Code\public\mathlib\vplane.h">
      <Filter>Header Files</Filter>
    </ClInclude>
    <ClInclude Include="Code\public\networksystem\inetworksystem.h">
      <Filter>Header Files</Filter>
    </ClInclude>
    <ClInclude Include="Code\public\networksystem\sm_protocol.h">
      <Filter>Header Files</Filter>
    </ClInclude>
    <ClInclude Include="Code\public\tier0\annotations.h">
      <Filter>Header Files</Filter>
    </ClInclude>
    <ClInclude Include="Code\public\tier0\basetypes.h">
      <Filter>Header Files</Filter>
    </ClInclude>
    <ClInclude Include="Code\public\tier0\commonmacros.h">
      <Filter>Header Files</Filter>
    </ClInclude>
    <ClInclude Include="Code\public\tier0\dbg.h">
      <Filter>Header Files</Filter>
    </ClInclude>
    <ClInclude Include="Code\public\tier0\dbgflag.h">
      <Filter>Header Files</Filter>
    </ClInclude>
    <ClInclude Include="Code\public\tier0\fasttimer.h">
      <Filter>Header Files</Filter>
    </ClInclude>
    <ClInclude Include="Code\public\tier0\mem.h">
      <Filter>Header Files</Filter>
    </ClInclude>
    <ClInclude Include="Code\public\tier0\memalloc.h">
      <Filter>Header Files</Filter>
    </ClInclude>
    <ClInclude Include="Code\public\tier0\memdbgoff.h">
      <Filter>Header Files</Filter>
    </ClInclude>
    <ClInclude Include="Code\public\tier0\memdbgon.h">
      <Filter>Header Files</Filter>
    </ClInclude>
    <ClInclude Include="Code\public\tier0\platform.h">
      <Filter>Header Files</Filter>
    </ClInclude>
    <ClInclude Include="Code\public\tier0\protected_things.h">
      <Filter>Header Files</Filter>
    </ClInclude>
    <ClInclude Include="Code\public\tier0\threadtools.h">
      <Filter>Header Files</Filter>
    </ClInclude>
    <ClInclude Include="Code\public\tier0\tslist.h">
      <Filter>Header Files</Filter>
    </ClInclude>
    <ClInclude Include="Code\public\tier0\valve_minmax_on.h">
      <Filter>Header Files</Filter>
    </ClInclude>
    <ClInclude Include="Code\public\tier0\valve_off.h">
      <Filter>Header Files</Filter>
    </ClInclude>
    <ClInclude Include="Code\public\tier0\valve_on.h">
      <Filter>Header Files</Filter>
    </ClInclude>
    <ClInclude Include="Code\public\tier0\vcr_shared.h">
      <Filter>Header Files</Filter>
    </ClInclude>
    <ClInclude Include="Code\public\tier0\vcrmode.h">
      <Filter>Header Files</Filter>
    </ClInclude>
    <ClInclude Include="Code\public\tier0\wchartypes.h">
      <Filter>Header Files</Filter>
    </ClInclude>
    <ClInclude Include="Code\public\tier0\xbox_codeline_defines.h">
      <Filter>Header Files</Filter>
    </ClInclude>
    <ClInclude Include="Code\public\tier1\bitbuf.h">
      <Filter>Header Files</Filter>
    </ClInclude>
    <ClInclude Include="Code\public\tier1\interface.h">
      <Filter>Header Files</Filter>
    </ClInclude>
    <ClInclude Include="Code\public\tier1\mempool.h">
      <Filter>Header Files</Filter>
    </ClInclude>
    <ClInclude Include="Code\public\tier1\netadr.h">
      <Filter>Header Files</Filter>
    </ClInclude>
    <ClInclude Include="Code\public\tier1\strtools.h">
      <Filter>Header Files</Filter>
    </ClInclude>
    <ClInclude Include="Code\public\tier1\utlblockmemory.h">
      <Filter>Header Files</Filter>
    </ClInclude>
    <ClInclude Include="Code\public\tier1\utlfixedmemory.h">
      <Filter>Header Files</Filter>
    </ClInclude>
    <ClInclude Include="Code\public\tier1\utlmemory.h">
      <Filter>Header Files</Filter>
    </ClInclude>
    <ClInclude Include="Code\public\tier1\utlrbtree.h">
      <Filter>Header Files</Filter>
    </ClInclude>
    <ClInclude Include="Code\public\tier1\utlvector.h">
      <Filter>Header Files</Filter>
    </ClInclude>
    <ClInclude Include="Code\public\basehandle.h">
      <Filter>Header Files</Filter>
    </ClInclude>
    <ClInclude Include="Code\public\const.h">
      <Filter>Header Files</Filter>
    </ClInclude>
    <ClInclude Include="Code\public\ihandleentity.h">
      <Filter>Header Files</Filter>
    </ClInclude>
    <ClInclude Include="Code\game\shared\cstrike\cs_weapon_parse.h">
      <Filter>Header Files</Filter>
    </ClInclude>
    <ClInclude Include="Code\game\shared\weapon_parse.h">
      <Filter>Header Files</Filter>
    </ClInclude>
    <ClInclude Include="Code\game\shared\shareddefs.h">
      <Filter>Header Files</Filter>
    </ClInclude>
    <ClInclude Include="Code\public\networkvar.h">
      <Filter>Header Files</Filter>
    </ClInclude>
    <ClInclude Include="Code\public\soundflags.h">
      <Filter>Header Files</Filter>
    </ClInclude>
    <ClInclude Include="Code\public\tier1\convar.h">
      <Filter>Header Files</Filter>
    </ClInclude>
    <ClInclude Include="Code\public\tier1\iconvar.h">
      <Filter>Header Files</Filter>
    </ClInclude>
    <ClInclude Include="Code\public\tier1\utlstring.h">
      <Filter>Header Files</Filter>
    </ClInclude>
    <ClInclude Include="Code\public\Color.h">
      <Filter>Header Files</Filter>
    </ClInclude>
    <ClInclude Include="Code\public\icvar.h">
      <Filter>Header Files</Filter>
    </ClInclude>
    <ClInclude Include="Code\public\interfaces\interfaces.h">
      <Filter>Header Files</Filter>
    </ClInclude>
    <ClInclude Include="Code\public\edict.h">
      <Filter>Header Files</Filter>
    </ClInclude>
    <ClInclude Include="Code\public\cmodel.h">
      <Filter>Header Files</Filter>
    </ClInclude>
    <ClInclude Include="Code\public\iserverentity.h">
      <Filter>Header Files</Filter>
    </ClInclude>
    <ClInclude Include="Code\public\bspflags.h">
      <Filter>Header Files</Filter>
    </ClInclude>
    <ClInclude Include="Code\public\gametrace.h">
      <Filter>Header Files</Filter>
    </ClInclude>
    <ClInclude Include="Code\public\trace.h">
      <Filter>Header Files</Filter>
    </ClInclude>
    <ClInclude Include="Code\public\vcollide.h">
      <Filter>Header Files</Filter>
    </ClInclude>
    <ClInclude Include="Code\public\ispatialpartition.h">
      <Filter>Header Files</Filter>
    </ClInclude>
    <ClInclude Include="Code\public\iserverunknown.h">
      <Filter>Header Files</Filter>
    </ClInclude>
    <ClInclude Include="Code\public\string_t.h">
      <Filter>Header Files</Filter>
    </ClInclude>
    <ClInclude Include="Code\public\globalvars_base.h">
      <Filter>Header Files</Filter>
    </ClInclude>
    <ClInclude Include="Code\public\engine\ICollideable.h">
      <Filter>Header Files</Filter>
    </ClInclude>
    <ClInclude Include="Code\public\iservernetworkable.h">
      <Filter>Header Files</Filter>
    </ClInclude>
    <ClInclude Include="Code\public\bitvec.h">
      <Filter>Header Files</Filter>
    </ClInclude>
    <ClInclude Include="Code\public\bspfile.h">
      <Filter>Header Files</Filter>
    </ClInclude>
    <ClInclude Include="Code\public\datamap.h">
      <Filter>Header Files</Filter>
    </ClInclude>
    <ClInclude Include="Code\public\mathlib\bumpvects.h">
      <Filter>Header Files</Filter>
    </ClInclude>
    <ClInclude Include="Code\public\mathlib\compressed_light_cube.h">
      <Filter>Header Files</Filter>
    </ClInclude>
    <ClInclude Include="Code\public\zip_uncompressed.h">
      <Filter>Header Files</Filter>
    </ClInclude>
    <ClInclude Include="Code\game\shared\ehandle.h">
      <Filter>Header Files</Filter>
    </ClInclude>
    <ClInclude Include="Code\game\shared\entitylist_base.h">
      <Filter>Header Files</Filter>
    </ClInclude>
    <ClInclude Include="Code\public\tier1\utllinkedlist.h">
      <Filter>Header Files</Filter>
    </ClInclude>
    <ClInclude Include="Code\public\tier1\characterset.h">
      <Filter>Header Files</Filter>
    </ClInclude>
    <ClInclude Include="Code\public\tier1\checksum_crc.h">
      <Filter>Header Files</Filter>
    </ClInclude>
    <ClInclude Include="Code\public\tier1\checksum_md5.h">
      <Filter>Header Files</Filter>
    </ClInclude>
    <ClInclude Include="Code\public\client_class.h">
      <Filter>Header Files</Filter>
    </ClInclude>
    <ClInclude Include="Code\public\dt_recv.h">
      <Filter>Header Files</Filter>
    </ClInclude>
    <ClInclude Include="Code\public\dt_common.h">
      <Filter>Header Files</Filter>
    </ClInclude>
    <ClInclude Include="Code\public\iclientrenderable.h">
      <Filter>Header Files</Filter>
    </ClInclude>
    <ClInclude Include="Code\public\iclientunknown.h">
      <Filter>Header Files</Filter>
    </ClInclude>
    <ClInclude Include="Code\public\engine\ivmodelrender.h">
      <Filter>Header Files</Filter>
    </ClInclude>
    <ClInclude Include="Code\public\client_render_handle.h">
      <Filter>Header Files</Filter>
    </ClInclude>
    <ClInclude Include="Code\public\istudiorender.h">
      <Filter>Header Files</Filter>
    </ClInclude>
    <ClInclude Include="Code\public\tier1\utlbuffer.h">
      <Filter>Header Files</Filter>
    </ClInclude>
    <ClInclude Include="Code\public\unitlib\unitlib.h">
      <Filter>Header Files</Filter>
    </ClInclude>
    <ClInclude Include="Code\public\tier1\byteswap.h">
      <Filter>Header Files</Filter>
    </ClInclude>
    <ClInclude Include="Code\public\materialsystem\imaterial.h">
      <Filter>Header Files</Filter>
    </ClInclude>
    <ClInclude Include="Code\public\bitmap\imageformat.h">
      <Filter>Header Files</Filter>
    </ClInclude>
    <ClInclude Include="Code\public\materialsystem\imaterialsystem.h">
      <Filter>Header Files</Filter>
    </ClInclude>
    <ClInclude Include="Code\public\tier1\refcount.h">
      <Filter>Header Files</Filter>
    </ClInclude>
    <ClInclude Include="Code\public\texture_group_names.h">
      <Filter>Header Files</Filter>
    </ClInclude>
    <ClInclude Include="Code\public\vtf\vtf.h">
      <Filter>Header Files</Filter>
    </ClInclude>
    <ClInclude Include="Code\public\materialsystem\deformations.h">
      <Filter>Header Files</Filter>
    </ClInclude>
    <ClInclude Include="Code\public\materialsystem\imaterialsystemhardwareconfig.h">
      <Filter>Header Files</Filter>
    </ClInclude>
    <ClInclude Include="Code\public\tier2\tier2.h">
      <Filter>Header Files</Filter>
    </ClInclude>
    <ClInclude Include="Code\public\tier1\tier1.h">
      <Filter>Header Files</Filter>
    </ClInclude>
    <ClInclude Include="Code\public\materialsystem\IColorCorrection.h">
      <Filter>Header Files</Filter>
    </ClInclude>
    <ClInclude Include="Code\public\mathlib\lightdesc.h">
      <Filter>Header Files</Filter>
    </ClInclude>
    <ClInclude Include="Code\public\mathlib\ssemath.h">
      <Filter>Header Files</Filter>
    </ClInclude>
    <ClInclude Include="Code\public\mathlib\compressed_vector.h">
      <Filter>Header Files</Filter>
    </ClInclude>
    <ClInclude Include="Code\public\datacache\imdlcache.h">
      <Filter>Header Files</Filter>
    </ClInclude>
    <ClInclude Include="Code\public\filesystem.h">
      <Filter>Header Files</Filter>
    </ClInclude>
    <ClInclude Include="Code\public\tier1\utlsymbol.h">
      <Filter>Header Files</Filter>
    </ClInclude>
    <ClInclude Include="Code\public\tier1\stringpool.h">
      <Filter>Header Files</Filter>
    </ClInclude>
    <ClInclude Include="Code\public\tier1\utlqueue.h">
      <Filter>Header Files</Filter>
    </ClInclude>
    <ClInclude Include="Code\public\filesystem_passthru.h">
      <Filter>Header Files</Filter>
    </ClInclude>
    <ClInclude Include="Code\public\datacache\idatacache.h">
      <Filter>Header Files</Filter>
    </ClInclude>
    <ClInclude Include="Code\public\tier3\tier3.h">
      <Filter>Header Files</Filter>
    </ClInclude>
    <ClInclude Include="Code\public\studio.h">
      <Filter>Header Files</Filter>
    </ClInclude>
    <ClInclude Include="Code\public\tier1\utlhash.h">
      <Filter>Header Files</Filter>
    </ClInclude>
    <ClInclude Include="Code\public\tier1\generichash.h">
      <Filter>Header Files</Filter>
    </ClInclude>
    <ClInclude Include="Code\public\localflexcontroller.h">
      <Filter>Header Files</Filter>
    </ClInclude>
    <ClInclude Include="Code\public\iclientnetworkable.h">
      <Filter>Header Files</Filter>
    </ClInclude>
    <ClInclude Include="Code\game\shared\usercmd.h">
      <Filter>Header Files</Filter>
    </ClInclude>
    <ClInclude Include="Code\game\shared\imovehelper.h">
      <Filter>Header Files</Filter>
    </ClInclude>
    <ClInclude Include="Code\game\client\glow_outline_effect.h">
      <Filter>Header Files</Filter>
    </ClInclude>
    <ClInclude Include="Code\game\client\c_baseentity.h">
      <Filter>Header Files</Filter>
    </ClInclude>
    <ClInclude Include="Code\game\client\icliententityinternal.h">
      <Filter>Header Files</Filter>
    </ClInclude>
    <ClInclude Include="Code\public\icliententity.h">
      <Filter>Header Files</Filter>
    </ClInclude>
    <ClInclude Include="Code\public\iclientthinkable.h">
      <Filter>Header Files</Filter>
    </ClInclude>
    <ClInclude Include="Code\game\client\clientleafsystem.h">
      <Filter>Header Files</Filter>
    </ClInclude>
    <ClInclude Include="Code\game\shared\igamesystem.h">
      <Filter>Header Files</Filter>
    </ClInclude>
    <ClInclude Include="Code\public\engine\IClientLeafSystem.h">
      <Filter>Header Files</Filter>
    </ClInclude>
    <ClInclude Include="Code\public\engine\ivmodelinfo.h">
      <Filter>Header Files</Filter>
    </ClInclude>
    <ClInclude Include="Code\public\cdll_int.h">
      <Filter>Header Files</Filter>
    </ClInclude>
    <ClInclude Include="Code\public\inputsystem\ButtonCode.h">
      <Filter>Header Files</Filter>
    </ClInclude>
    <ClInclude Include="Code\public\inputsystem\InputEnums.h">
      <Filter>Header Files</Filter>
    </ClInclude>
    <ClInclude Include="Code\public\toolframework\itoolentity.h">
      <Filter>Header Files</Filter>
    </ClInclude>
    <ClInclude Include="Code\public\engine\ishadowmgr.h">
      <Filter>Header Files</Filter>
    </ClInclude>
    <ClInclude Include="Code\common\xbox\xboxstubs.h">
      <Filter>Header Files</Filter>
    </ClInclude>
    <ClInclude Include="Code\public\ivrenderview.h">
      <Filter>Header Files</Filter>
    </ClInclude>
    <ClInclude Include="Code\game\client\iclientshadowmgr.h">
      <Filter>Header Files</Filter>
    </ClInclude>
    <ClInclude Include="Code\game\client\client_thinklist.h">
      <Filter>Header Files</Filter>
    </ClInclude>
    <ClInclude Include="Code\game\client\cliententitylist.h">
      <Filter>Header Files</Filter>
    </ClInclude>
    <ClInclude Include="Code\public\icliententitylist.h">
      <Filter>Header Files</Filter>
    </ClInclude>
    <ClInclude Include="Code\game\client\cdll_util.h">
      <Filter>Header Files</Filter>
    </ClInclude>
    <ClInclude Include="Code\public\shake.h">
      <Filter>Header Files</Filter>
    </ClInclude>
    <ClInclude Include="Code\public\materialsystem\MaterialSystemUtil.h">
      <Filter>Header Files</Filter>
    </ClInclude>
    <ClInclude Include="Code\public\materialsystem\itexture.h">
      <Filter>Header Files</Filter>
    </ClInclude>
    <ClInclude Include="Code\public\tier1\utlmap.h">
      <Filter>Header Files</Filter>
    </ClInclude>
    <ClInclude Include="Code\game\shared\predictableid.h">
      <Filter>Header Files</Filter>
    </ClInclude>
    <ClInclude Include="Code\game\shared\sharedvar.h">
      <Filter>Header Files</Filter>
    </ClInclude>
    <ClInclude Include="Code\public\ispsharedmemory.h">
      <Filter>Header Files</Filter>
    </ClInclude>
    <ClInclude Include="Code\public\isaverestore.h">
      <Filter>Header Files</Filter>
    </ClInclude>
    <ClInclude Include="Code\public\tier1\interpolatedvar.h">
      <Filter>Header Files</Filter>
    </ClInclude>
    <ClInclude Include="Code\public\tier1\rangecheckedvar.h">
      <Filter>Header Files</Filter>
    </ClInclude>
    <ClInclude Include="Code\public\tier1\lerp_functions.h">
      <Filter>Header Files</Filter>
    </ClInclude>
    <ClInclude Include="Code\game\shared\collisionproperty.h">
      <Filter>Header Files</Filter>
    </ClInclude>
    <ClInclude Include="Code\game\shared\predictable_entity.h">
      <Filter>Header Files</Filter>
    </ClInclude>
    <ClInclude Include="Code\game\shared\predictioncopy.h">
      <Filter>Header Files</Filter>
    </ClInclude>
    <ClInclude Include="Code\public\tier1\utlstack.h">
      <Filter>Header Files</Filter>
    </ClInclude>
    <ClInclude Include="Code\game\shared\shared_classnames.h">
      <Filter>Header Files</Filter>
    </ClInclude>
    <ClInclude Include="Code\game\server\sendproxy.h">
      <Filter>Header Files</Filter>
    </ClInclude>
    <ClInclude Include="Code\public\dt_send.h">
      <Filter>Header Files</Filter>
    </ClInclude>
    <ClInclude Include="Code\game\shared\particle_property.h">
      <Filter>Header Files</Filter>
    </ClInclude>
    <ClInclude Include="Code\public\smartptr.h">
      <Filter>Header Files</Filter>
    </ClInclude>
    <ClInclude Include="Code\game\client\particles_new.h">
      <Filter>Header Files</Filter>
    </ClInclude>
    <ClInclude Include="Code\game\client\particlemgr.h">
      <Filter>Header Files</Filter>
    </ClInclude>
    <ClInclude Include="Code\public\tier1\utldict.h">
      <Filter>Header Files</Filter>
    </ClInclude>
    <ClInclude Include="Code\public\tier1\utlintrusivelist.h">
      <Filter>Header Files</Filter>
    </ClInclude>
    <ClInclude Include="Code\public\tier1\utlobjectreference.h">
      <Filter>Header Files</Filter>
    </ClInclude>
    <ClInclude Include="Code\game\client\particle_iterators.h">
      <Filter>Header Files</Filter>
    </ClInclude>
    <ClInclude Include="Code\public\materialsystem\imesh.h">
      <Filter>Header Files</Filter>
    </ClInclude>
    <ClInclude Include="Code\public\tier2\meshutils.h">
      <Filter>Header Files</Filter>
    </ClInclude>
    <ClInclude Include="Code\public\materialsystem\meshreader.h">
      <Filter>Header Files</Filter>
    </ClInclude>
    <ClInclude Include="Code\game\client\particledraw.h">
      <Filter>Header Files</Filter>
    </ClInclude>
    <ClInclude Include="Code\public\particles\particles.h">
      <Filter>Header Files</Filter>
    </ClInclude>
    <ClInclude Include="Code\public\dmxloader\dmxelement.h">
      <Filter>Header Files</Filter>
    </ClInclude>
    <ClInclude Include="Code\public\tier1\UtlStringMap.h">
      <Filter>Header Files</Filter>
    </ClInclude>
    <ClInclude Include="Code\public\vstdlib\random.h">
      <Filter>Header Files</Filter>
    </ClInclude>
    <ClInclude Include="Code\public\vstdlib\vstdlib.h">
      <Filter>Header Files</Filter>
    </ClInclude>
    <ClInclude Include="Code\public\datamodel\dmattributetypes.h">
      <Filter>Header Files</Filter>
    </ClInclude>
    <ClInclude Include="Code\public\tier1\uniqueid.h">
      <Filter>Header Files</Filter>
    </ClInclude>
    <ClInclude Include="Code\public\datamodel\dmelementhandle.h">
      <Filter>Header Files</Filter>
    </ClInclude>
    <ClInclude Include="Code\public\tier1\utlsymbollarge.h">
      <Filter>Header Files</Filter>
    </ClInclude>
    <ClInclude Include="Code\public\tier1\utltshash.h">
      <Filter>Header Files</Filter>
    </ClInclude>
    <ClInclude Include="Code\public\tier0\vprof.h">
      <Filter>Header Files</Filter>
    </ClInclude>
    <ClInclude Include="Code\public\tier1\timeutils.h">
      <Filter>Header Files</Filter>
    </ClInclude>
    <ClInclude Include="Code\public\tier1\UtlSortVector.h">
      <Filter>Header Files</Filter>
    </ClInclude>
    <ClInclude Include="Code\public\dmxloader\dmxattribute.h">
      <Filter>Header Files</Filter>
    </ClInclude>
    <ClInclude Include="Code\public\dmxloader\dmxloader.h">
      <Filter>Header Files</Filter>
    </ClInclude>
    <ClInclude Include="Code\public\tier1\utlsoacontainer.h">
      <Filter>Header Files</Filter>
    </ClInclude>
    <ClInclude Include="Code\public\raytrace.h">
      <Filter>Header Files</Filter>
    </ClInclude>
    <ClInclude Include="Code\game\client\particlesphererenderer.h">
      <Filter>Header Files</Filter>
    </ClInclude>
    <ClInclude Include="Code\game\client\particle_util.h">
      <Filter>Header Files</Filter>
    </ClInclude>
    <ClInclude Include="Code\game\client\cdll_client_int.h">
      <Filter>Header Files</Filter>
    </ClInclude>
    <ClInclude Include="Code\public\eiface.h">
      <Filter>Header Files</Filter>
    </ClInclude>
    <ClInclude Include="Code\public\engine\iserverplugin.h">
      <Filter>Header Files</Filter>
    </ClInclude>
    <ClInclude Include="Code\public\tier1\KeyValues.h">
      <Filter>Header Files</Filter>
    </ClInclude>
    <ClInclude Include="Code\public\iclient.h">
      <Filter>Header Files</Filter>
    </ClInclude>
    <ClInclude Include="Code\public\inetmsghandler.h">
      <Filter>Header Files</Filter>
    </ClInclude>
    <ClInclude Include="Code\public\tier2\tier2_logging.h">
      <Filter>Header Files</Filter>
    </ClInclude>
    <ClInclude Include="Code\public\tier0\logging.h">
      <Filter>Header Files</Filter>
    </ClInclude>
    <ClInclude Include="Code\public\tier0\icommandline.h">
      <Filter>Header Files</Filter>
    </ClInclude>
    <ClInclude Include="Code\public\tier0\win32consoleio.h">
      <Filter>Header Files</Filter>
    </ClInclude>
    <ClInclude Include="Code\game\client\timedevent.h">
      <Filter>Header Files</Filter>
    </ClInclude>
    <ClInclude Include="Code\game\client\particles_simple.h">
      <Filter>Header Files</Filter>
    </ClInclude>
    <ClInclude Include="Code\game\shared\particle_parse.h">
      <Filter>Header Files</Filter>
    </ClInclude>
    <ClInclude Include="Code\game\shared\particle_property_inlines.h">
      <Filter>Header Files</Filter>
    </ClInclude>
    <ClInclude Include="Code\public\vscript\ivscript.h">
      <Filter>Header Files</Filter>
    </ClInclude>
    <ClInclude Include="Code\public\tier1\functors.h">
      <Filter>Header Files</Filter>
    </ClInclude>
    <ClInclude Include="Code\public\tier1\utlenvelope.h">
      <Filter>Header Files</Filter>
    </ClInclude>
    <ClInclude Include="Code\public\vscript\vscript_templates.h">
      <Filter>Header Files</Filter>
    </ClInclude>
    <ClInclude Include="Code\game\shared\vscript_shared.h">
      <Filter>Header Files</Filter>
    </ClInclude>
    <ClInclude Include="Code\game\shared\touchlink.h">
      <Filter>Header Files</Filter>
    </ClInclude>
    <ClInclude Include="Code\game\shared\groundlink.h">
      <Filter>Header Files</Filter>
    </ClInclude>
    <ClInclude Include="Code\public\bittools.h">
      <Filter>Header Files</Filter>
    </ClInclude>
    <ClInclude Include="Code\game\client\iclassmap.h">
      <Filter>Header Files</Filter>
    </ClInclude>
    <ClInclude Include="Code\game\client\recvproxy.h">
      <Filter>Header Files</Filter>
    </ClInclude>
    <ClInclude Include="Code\public\tier0\l2cache.h">
      <Filter>Header Files</Filter>
    </ClInclude>
    <ClInclude Include="Code\game\client\c_pixel_visibility.h">
      <Filter>Header Files</Filter>
    </ClInclude>
    <ClInclude Include="Code\public\tier1\exprevaluator.h">
      <Filter>Header Files</Filter>
    </ClInclude>
    <ClInclude Include="Code\networksystem\inetworksystem.h">
      <Filter>Header Files</Filter>
    </ClInclude>
    <ClInclude Include="Code\networksystem\netchannel.h">
      <Filter>Header Files</Filter>
    </ClInclude>
    <ClInclude Include="Code\networksystem\sm_Protocol.h">
      <Filter>Header Files</Filter>
    </ClInclude>
    <ClInclude Include="Code\engine\client.h">
      <Filter>Header Files</Filter>
    </ClInclude>
    <ClInclude Include="Code\common\protocol.h">
      <Filter>Header Files</Filter>
    </ClInclude>
    <ClInclude Include="Code\common\qlimits.h">
      <Filter>Header Files</Filter>
    </ClInclude>
    <ClInclude Include="Code\engine\baseclientstate.h">
      <Filter>Header Files</Filter>
    </ClInclude>
    <ClInclude Include="Code\engine\clientframe.h">
      <Filter>Header Files</Filter>
    </ClInclude>
    <ClInclude Include="Code\engine\event_system.h">
      <Filter>Header Files</Filter>
    </ClInclude>
    <ClInclude Include="Code\engine\host.h">
      <Filter>Header Files</Filter>
    </ClInclude>
    <ClInclude Include="Code\engine\precache.h">
      <Filter>Header Files</Filter>
    </ClInclude>
    <ClInclude Include="Code\engine\common.h">
      <Filter>Header Files</Filter>
    </ClInclude>
    <ClInclude Include="Code\engine\enginesingleuserfilter.h">
      <Filter>Header Files</Filter>
    </ClInclude>
    <ClInclude Include="Code\public\event_flags.h">
      <Filter>Header Files</Filter>
    </ClInclude>
    <ClInclude Include="Code\public\irecipientfilter.h">
      <Filter>Header Files</Filter>
    </ClInclude>
    <ClInclude Include="Code\public\worldsize.h">
      <Filter>Header Files</Filter>
    </ClInclude>
    <ClInclude Include="Code\public\networkstringtabledefs.h">
      <Filter>Header Files</Filter>
    </ClInclude>
    <ClInclude Include="Code\engine\clockdriftmgr.h">
      <Filter>Header Files</Filter>
    </ClInclude>
    <ClInclude Include="Code\engine\cl_bounded_cvars.h">
      <Filter>Header Files</Filter>
    </ClInclude>
    <ClInclude Include="Code\public\tier1\convar_serverbounded.h">
      <Filter>Header Files</Filter>
    </ClInclude>
    <ClInclude Include="Code\game\client\input.h">
      <Filter>Header Files</Filter>
    </ClInclude>
    <ClInclude Include="Code\game\client\iinput.h">
      <Filter>Header Files</Filter>
    </ClInclude>
    <ClInclude Include="Code\game\client\kbutton.h">
      <Filter>Header Files</Filter>
    </ClInclude>
    <ClInclude Include="Code\public\inputsystem\AnalogCode.h">
      <Filter>Header Files</Filter>
    </ClInclude>
    <ClInclude Include="Code\game\client\iclientmode.h">
      <Filter>Header Files</Filter>
    </ClInclude>
    <ClInclude Include="Code\public\vgui\VGUI.h">
      <Filter>Header Files</Filter>
    </ClInclude>
    <ClInclude Include="Code\public\engine\IEngineSound.h">
      <Filter>Header Files</Filter>
    </ClInclude>
    <ClInclude Include="Code\public\engine\SndInfo.h">
      <Filter>Header Files</Filter>
    </ClInclude>
    <ClInclude Include="Code\public\engine\IEngineTrace.h">
      <Filter>Header Files</Filter>
    </ClInclude>
    <ClInclude Include="Code\public\igameevents.h">
      <Filter>Header Files</Filter>
    </ClInclude>
    <ClInclude Include="Code\game\shared\igamemovement.h">
      <Filter>Header Files</Filter>
    </ClInclude>
    <ClInclude Include="Code\game\client\iviewrender_beams.h">
      <Filter>Header Files</Filter>
    </ClInclude>
    <ClInclude Include="Code\public\inputsystem\iinputsystem.h">
      <Filter>Header Files</Filter>
    </ClInclude>
    <ClInclude Include="Code\public\localize\ilocalize.h">
      <Filter>Header Files</Filter>
    </ClInclude>
    <ClInclude Include="Code\public\tier0\platwindow.h">
      <Filter>Header Files</Filter>
    </ClInclude>
    <ClInclude Include="Code\game\shared\beam_flags.h">
      <Filter>Header Files</Filter>
    </ClInclude>
    <ClInclude Include="Code\game\shared\tempentity.h">
      <Filter>Header Files</Filter>
    </ClInclude>
    <ClInclude Include="Code\public\vgui\IPanel.h">
      <Filter>Header Files</Filter>
    </ClInclude>
    <ClInclude Include="Code\public\iprediction.h">
      <Filter>Header Files</Filter>
    </ClInclude>
    <ClInclude Include="Code\public\vgui\ISurface.h">
      <Filter>Header Files</Filter>
    </ClInclude>
    <ClInclude Include="Code\public\vgui\IHTML.h">
      <Filter>Header Files</Filter>
    </ClInclude>
    <ClInclude Include="Code\public\vgui\IImage.h">
      <Filter>Header Files</Filter>
    </ClInclude>
    <ClInclude Include="Code\public\vgui\KeyCode.h">
      <Filter>Header Files</Filter>
    </ClInclude>
    <ClInclude Include="Code\public\vgui\MouseCode.h">
      <Filter>Header Files</Filter>
    </ClInclude>
    <ClInclude Include="Code\public\vgui\ischemesurface.h">
      <Filter>Header Files</Filter>
    </ClInclude>
    <ClInclude Include="Code\common\vgui_surfacelib\ifontsurface.h">
      <Filter>Header Files</Filter>
    </ClInclude>
    <ClInclude Include="Code\public\vgui\IVguiMatInfo.h">
      <Filter>Header Files</Filter>
    </ClInclude>
    <ClInclude Include="Code\public\vgui\IVguiMatInfoVar.h">
      <Filter>Header Files</Filter>
    </ClInclude>
    <ClInclude Include="Code\game\client\c_baseplayer.h">
      <Filter>Header Files</Filter>
    </ClInclude>
    <ClInclude Include="Code\game\client\c_playerlocaldata.h">
      <Filter>Header Files</Filter>
    </ClInclude>
    <ClInclude Include="Code\game\shared\playernet_vars.h">
      <Filter>Header Files</Filter>
    </ClInclude>
    <ClInclude Include="Code\game\client\c_basecombatcharacter.h">
      <Filter>Header Files</Filter>
    </ClInclude>
    <ClInclude Include="Code\game\client\c_baseflex.h">
      <Filter>Header Files</Filter>
    </ClInclude>
    <ClInclude Include="Code\game\client\c_baseanimating.h">
      <Filter>Header Files</Filter>
    </ClInclude>
    <ClInclude Include="Code\game\client\ragdoll.h">
      <Filter>Header Files</Filter>
    </ClInclude>
    <ClInclude Include="Code\game\shared\ragdoll_shared.h">
      <Filter>Header Files</Filter>
    </ClInclude>
    <ClInclude Include="Code\public\bone_accessor.h">
      <Filter>Header Files</Filter>
    </ClInclude>
    <ClInclude Include="Code\public\vcollide_parse.h">
      <Filter>Header Files</Filter>
    </ClInclude>
    <ClInclude Include="Code\public\vphysics_interface.h">
      <Filter>Header Files</Filter>
    </ClInclude>
    <ClInclude Include="Code\public\mouthinfo.h">
      <Filter>Header Files</Filter>
    </ClInclude>
    <ClInclude Include="Code\game\shared\ai_activity.h">
      <Filter>Header Files</Filter>
    </ClInclude>
    <ClInclude Include="Code\game\client\animationlayer.h">
      <Filter>Header Files</Filter>
    </ClInclude>
    <ClInclude Include="Code\game\shared\sequence_transitioner.h">
      <Filter>Header Files</Filter>
    </ClInclude>
    <ClInclude Include="Code\game\client\bone_merge_cache.h">
      <Filter>Header Files</Filter>
    </ClInclude>
    <ClInclude Include="Code\public\toolframework\itoolframework.h">
      <Filter>Header Files</Filter>
    </ClInclude>
    <ClInclude Include="Code\public\materialsystem\imaterialproxy.h">
      <Filter>Header Files</Filter>
    </ClInclude>
    <ClInclude Include="Code\game\client\c_baseanimatingoverlay.h">
      <Filter>Header Files</Filter>
    </ClInclude>
    <ClInclude Include="Code\game\shared\baseentity_shared.h">
      <Filter>Header Files</Filter>
    </ClInclude>
    <ClInclude Include="Code\game\server\baseentity.h">
      <Filter>Header Files</Filter>
    </ClInclude>
    <ClInclude Include="Code\game\server\entitylist.h">
      <Filter>Header Files</Filter>
    </ClInclude>
    <ClInclude Include="Code\game\server\entityoutput.h">
      <Filter>Header Files</Filter>
    </ClInclude>
    <ClInclude Include="Code\game\server\ServerNetworkProperty.h">
      <Filter>Header Files</Filter>
    </ClInclude>
    <ClInclude Include="Code\public\server_class.h">
      <Filter>Header Files</Filter>
    </ClInclude>
    <ClInclude Include="Code\game\server\timedeventmgr.h">
      <Filter>Header Files</Filter>
    </ClInclude>
    <ClInclude Include="Code\public\tier1\utlpriorityqueue.h">
      <Filter>Header Files</Filter>
    </ClInclude>
    <ClInclude Include="Code\game\server\vscript_server.h">
      <Filter>Header Files</Filter>
    </ClInclude>
    <ClInclude Include="Code\public\branchingsingleton.h">
      <Filter>Header Files</Filter>
    </ClInclude>
    <ClInclude Include="Code\game\shared\sceneentity_shared.h">
      <Filter>Header Files</Filter>
    </ClInclude>
    <ClInclude Include="Code\game\shared\iscenetokenprocessor.h">
      <Filter>Header Files</Filter>
    </ClInclude>
    <ClInclude Include="Code\public\playerstate.h">
      <Filter>Header Files</Filter>
    </ClInclude>
    <ClInclude Include="Code\game\client\fx_water.h">
      <Filter>Header Files</Filter>
    </ClInclude>
    <ClInclude Include="Code\game\client\fx.h">
      <Filter>Header Files</Filter>
    </ClInclude>
    <ClInclude Include="Code\game\shared\hintsystem.h">
      <Filter>Header Files</Filter>
    </ClInclude>
    <ClInclude Include="Code\public\soundemittersystem\isoundemittersystembase.h">
      <Filter>Header Files</Filter>
    </ClInclude>
    <ClInclude Include="Code\game\client\c_env_fog_controller.h">
      <Filter>Header Files</Filter>
    </ClInclude>
    <ClInclude Include="Code\game\client\c_postprocesscontroller.h">
      <Filter>Header Files</Filter>
    </ClInclude>
    <ClInclude Include="Code\game\shared\postprocess_shared.h">
      <Filter>Header Files</Filter>
    </ClInclude>
    <ClInclude Include="Code\game\client\c_colorcorrection.h">
      <Filter>Header Files</Filter>
    </ClInclude>
    <ClInclude Include="Code\game\client\colorcorrectionmgr.h">
      <Filter>Header Files</Filter>
    </ClInclude>
    <ClInclude Include="Code\game\shared\baseplayer_shared.h">
      <Filter>Header Files</Filter>
    </ClInclude>
    <ClInclude Include="Code\game\shared\basecombatweapon_shared.h">
      <Filter>Header Files</Filter>
    </ClInclude>
    <ClInclude Include="Code\game\shared\sharedInterface.h">
      <Filter>Header Files</Filter>
    </ClInclude>
    <ClInclude Include="Code\game\shared\baseviewmodel_shared.h">
      <Filter>Header Files</Filter>
    </ClInclude>
    <ClInclude Include="Code\game\shared\weapon_proficiency.h">
      <Filter>Header Files</Filter>
    </ClInclude>
    <ClInclude Include="Code\game\shared\cstrike\weapon_csbase.h">
      <Filter>Header Files</Filter>
    </ClInclude>
    <ClInclude Include="Code\game\shared\cstrike\cs_playeranimstate.h">
      <Filter>Header Files</Filter>
    </ClInclude>
    <ClInclude Include="Code\game\shared\iplayeranimstate.h">
      <Filter>Header Files</Filter>
    </ClInclude>
    <ClInclude Include="Code\game\shared\base_playeranimstate.h">
      <Filter>Header Files</Filter>
    </ClInclude>
    <ClInclude Include="Code\game\client\cstrike\c_cs_player.h">
      <Filter>Header Files</Filter>
    </ClInclude>
    <ClInclude Include="Code\game\shared\cs_shareddefs.h">
      <Filter>Header Files</Filter>
    </ClInclude>
    <ClInclude Include="Code\public\game\client\iviewport.h">
      <Filter>Header Files</Filter>
    </ClInclude>
    <ClInclude Include="Code\game\shared\viewport_panel_names.h">
      <Filter>Header Files</Filter>
    </ClInclude>
    <ClInclude Include="Code\game\shared\baseparticleentity.h">
      <Filter>Header Files</Filter>
    </ClInclude>
    <ClInclude Include="Code\game\client\beamdraw.h">
      <Filter>Header Files</Filter>
    </ClInclude>
    <ClInclude Include="Code\public\tier2\beamsegdraw.h">
      <Filter>Header Files</Filter>
    </ClInclude>
    <ClInclude Include="Code\game\shared\util_shared.h">
      <Filter>Header Files</Filter>
    </ClInclude>
    <ClInclude Include="Code\public\engine\IStaticPropMgr.h">
      <Filter>Header Files</Filter>
    </ClInclude>
    <ClInclude Include="Code\CCSPlayer Extended.hpp">
      <Filter>Header Files</Filter>
    </ClInclude>
  </ItemGroup>
  <ItemGroup>
    <ClCompile Include="Code\Source.cpp">
      <Filter>Source Files</Filter>
    </ClCompile>
    <ClCompile Include="Code\CNetChannel Extended.cpp">
      <Filter>Source Files</Filter>
    </ClCompile>
    <ClCompile Include="Code\CCSPlayer Extended.cpp">
      <Filter>Source Files</Filter>
    </ClCompile>
  </ItemGroup>
</Project>