<?xml version="1.0" encoding="utf-8"?>
<Project ToolsVersion="4.0" xmlns="http://schemas.microsoft.com/developer/msbuild/2003">
  <ItemGroup>
    <ClCompile Include="Code\Development Environment\Logging.cpp" />
    <ClCompile Include="Code\Source Development Kit\Application Programming Interfaces\Color.cpp" />
    <ClCompile Include="Code\Source Development Kit\Application Programming Interfaces\Connectivity.cpp" />
    <ClCompile Include="Code\Source Development Kit\Application Programming Interfaces\Cryptography.cpp" />
    <ClCompile Include="Code\Source Development Kit\Application Programming Interfaces\Drawing.cpp" />
    <ClCompile Include="Code\Source Development Kit\Application Programming Interfaces\Filesystem.cpp" />
    <ClCompile Include="Code\Source Development Kit\Application Programming Interfaces\Input.cpp" />
    <ClCompile Include="Code\Source Development Kit\Application Programming Interfaces\Utilities.cpp" />
    <ClCompile Include="Code\Source Development Kit\Application Programming Interfaces\Window.cpp" />
    <ClCompile Include="Precompile.cpp" />
    <ClCompile Include="Code\Source Development Kit\Toolkits\Resource Manager.cpp" />
    <ClCompile Include="Code\Source Development Kit\Toolkits\Graphical User Interface.cpp" />
    <ClCompile Include="Code\Source Development Kit\Toolkits\Memory Manager.cpp" />
    <ClCompile Include="Code\Source Development Kit\Toolkits\Authentication.cpp" />
    <ClCompile Include="Code\Source Development Kit\Toolkits\System Information.cpp" />
  </ItemGroup>
  <ItemGroup>
    <ClInclude Include="Code\Development Environment\Build Output Wrapper.hpp" />
    <ClInclude Include="Code\Development Environment\Entry Manager.hpp" />
    <ClInclude Include="Code\Development Environment\Logging.hpp" />
    <ClInclude Include="Code\Development Environment\Standard Library.hpp" />
    <ClInclude Include="Code\Source Development Kit\Application Programming Interfaces\Base Interface.hpp" />
    <ClInclude Include="Code\Source Development Kit\Application Programming Interfaces\Color.hpp" />
    <ClInclude Include="Code\Source Development Kit\Application Programming Interfaces\Connectivity.hpp" />
    <ClInclude Include="Code\Source Development Kit\Application Programming Interfaces\Cryptography.hpp" />
    <ClInclude Include="Code\Source Development Kit\Application Programming Interfaces\Drawing.hpp" />
    <ClInclude Include="Code\Source Development Kit\Application Programming Interfaces\Filesystem.hpp" />
    <ClInclude Include="Code\Source Development Kit\Application Programming Interfaces\Input.hpp" />
    <ClInclude Include="Code\Source Development Kit\Application Programming Interfaces\Utilities.hpp" />
    <ClInclude Include="Code\Source Development Kit\Application Programming Interfaces\Window.hpp" />
    <ClInclude Include="Precompile.hpp" />
    <ClInclude Include="Code\Framework.hpp" />
    <ClInclude Include="Code\Development Environment\Font Awesome Icons.hpp" />
    <ClInclude Include="Code\Source Development Kit\Toolkits\Resource Manager.hpp" />
    <ClInclude Include="Code\Source Development Kit\Toolkits\Graphical User Interface.hpp" />
    <ClInclude Include="Code\Source Development Kit\Toolkits\Memory Manager.hpp" />
    <ClInclude Include="Code\Source Development Kit\Toolkits\Authentication.hpp" />
    <ClInclude Include="Code\Source Development Kit\Toolkits\System Information.hpp" />
  </ItemGroup>
  <ItemGroup>
    <None Include="Code\Source Development Kit\Application Programming Interfaces\Connectivity.inl" />
    <None Include="Code\Source Development Kit\Application Programming Interfaces\Cryptography.inl" />
    <None Include="Code\Source Development Kit\Application Programming Interfaces\Utilities.inl" />
    <None Include="Code\Source Development Kit\Toolkits\Graphical User Interface.inl" />
    <None Include="Code\Source Development Kit\Toolkits\Memory Manager.inl" />
  </ItemGroup>
</Project>