<?xml version="1.0" encoding="utf-8"?>
<Project ToolsVersion="4.0" xmlns="http://schemas.microsoft.com/developer/msbuild/2003">
  <ItemGroup>
    <ClCompile Include="Code\Development Environment\Logging.cpp" />
    <ClCompile Include="Code\Source Development Kit\Application Programming Interfaces\Color.cpp" />
    <ClCompile Include="Code\Source Development Kit\Application Programming Interfaces\Connectivity.cpp" />
    <ClCompile Include="Code\Source Development Kit\Application Programming Interfaces\Cryptography.cpp" />
    <ClCompile Include="Code\Source Development Kit\Application Programming Interfaces\Filesystem.cpp" />
    <ClCompile Include="Code\Source Development Kit\Application Programming Interfaces\Utilities.cpp" />
    <ClCompile Include="Code\Source Development Kit\Application Programming Interfaces\Window.cpp" />
    <ClCompile Include="Precompile.cpp" />
    <ClCompile Include="Code\Source Development Kit\Toolkits\Resource Manager.cpp" />
    <ClCompile Include="Code\Source Development Kit\Toolkits\Memory Manager.cpp" />
    <ClCompile Include="Code\Source Development Kit\Toolkits\Authentication.cpp" />
    <ClCompile Include="Code\Source Development Kit\Toolkits\System Utilities.cpp" />
    <ClCompile Include="Code\Source Development Kit\Toolkits\Hooking.cpp" />
    <ClCompile Include="Code\Source Development Kit\Application Programming Interfaces\Input Handler.cpp" />
    <ClCompile Include="Code\Source Development Kit\Application Programming Interfaces\Drawing\Drawing.cpp" />
    <ClCompile Include="Code\Source Development Kit\Application Programming Interfaces\Drawing\Shaders.cpp" />
    <ClCompile Include="Code\Source Development Kit\Application Programming Interfaces\Drawing\Font Manager.cpp" />
    <ClCompile Include="Code\Source Development Kit\Toolkits\GUI\GUI.cpp" />
    <ClCompile Include="Code\Source Development Kit\Toolkits\GUI\IInteractable.cpp" />
    <ClCompile Include="Code\Source Development Kit\Toolkits\GUI\CContainer.cpp" />
    <ClCompile Include="Code\Source Development Kit\Toolkits\GUI\IWidget.cpp" />
    <ClCompile Include="Code\Source Development Kit\Toolkits\GUI\IRow.cpp" />
  </ItemGroup>
  <ItemGroup>
    <ClInclude Include="Code\Development Environment\Build Output Wrapper.hpp" />
    <ClInclude Include="Code\Development Environment\Entry Manager.hpp" />
    <ClInclude Include="Code\Development Environment\Logging.hpp" />
    <ClInclude Include="Code\Development Environment\Standard Library.hpp" />
    <ClInclude Include="Code\Source Development Kit\Application Programming Interfaces\Base Interface.hpp" />
    <ClInclude Include="Code\Source Development Kit\Application Programming Interfaces\Color.hpp" />
    <ClInclude Include="Code\Source Development Kit\Application Programming Interfaces\Connectivity.hpp" />
    <ClInclude Include="Code\Source Development Kit\Application Programming Interfaces\Cryptography.hpp" />
    <ClInclude Include="Code\Source Development Kit\Application Programming Interfaces\Filesystem.hpp" />
    <ClInclude Include="Code\Source Development Kit\Application Programming Interfaces\Utilities.hpp" />
    <ClInclude Include="Code\Source Development Kit\Application Programming Interfaces\Window.hpp" />
    <ClInclude Include="Code\Framework.hpp" />
    <ClInclude Include="Code\Source Development Kit\Toolkits\Resource Manager.hpp" />
    <ClInclude Include="Code\Source Development Kit\Toolkits\Memory Manager.hpp" />
    <ClInclude Include="Code\Source Development Kit\Toolkits\Authentication.hpp" />
    <ClInclude Include="Code\Source Development Kit\Toolkits\System Utilities.hpp" />
    <ClInclude Include="Code\Development Environment\Icon Font Definitions\Material Design Icons.hpp" />
    <ClInclude Include="Code\Development Environment\Icon Font Definitions\Font Awesome Icons.hpp" />
    <ClInclude Include="Code\Source Development Kit\Application Programming Interfaces\Input Handler.hpp" />
    <ClInclude Include="Code\Source Development Kit\Application Programming Interfaces\Drawing\Drawing.hpp" />
    <ClInclude Include="Code\Source Development Kit\Application Programming Interfaces\Drawing\Shaders.hpp" />
    <ClInclude Include="Precompile.hpp" />
    <ClInclude Include="Code\Source Development Kit\Application Programming Interfaces\Drawing\Font Manager.hpp" />
    <ClInclude Include="Code\Source Development Kit\Toolkits\GUI\GUI.hpp" />
    <ClInclude Include="Code\Source Development Kit\Toolkits\GUI\IInteractable.hpp" />
    <ClInclude Include="Code\Source Development Kit\Toolkits\GUI\CContainer.hpp" />
    <ClInclude Include="Code\Source Development Kit\Toolkits\GUI\IWidget.hpp" />
    <ClInclude Include="Code\Source Development Kit\Toolkits\GUI\IRow.hpp" />
  </ItemGroup>
  <ItemGroup>
    <None Include="Code\Source Development Kit\Application Programming Interfaces\Connectivity.inl" />
    <None Include="Code\Source Development Kit\Application Programming Interfaces\Cryptography.inl" />
    <None Include="Code\Source Development Kit\Application Programming Interfaces\Utilities.inl" />
    <None Include="Code\Source Development Kit\Toolkits\Memory Manager.inl" />
    <None Include="Code\Source Development Kit\Toolkits\Hooking.hpp" />
    <None Include="Code\Development Environment\Assembly ON.inl" />
    <None Include="Code\Development Environment\Assembly OFF.inl" />
  </ItemGroup>
</Project>