<?xml version="1.0" encoding="utf-8"?>
<Project ToolsVersion="4.0" xmlns="http://schemas.microsoft.com/developer/msbuild/2003">
  <ItemGroup>
    <Filter Include="Source Files">
      <UniqueIdentifier>{4FC737F1-C7A5-4376-A066-2A32D752A2FF}</UniqueIdentifier>
      <Extensions>cpp;c;cc;cxx;def;odl;idl;hpj;bat;asm;asmx</Extensions>
    </Filter>
    <Filter Include="Header Files">
      <UniqueIdentifier>{93995380-89BD-4b04-88EB-625FBE52EBFB}</UniqueIdentifier>
      <Extensions>h;hh;hpp;hxx;hm;inl;inc;ipp;xsd</Extensions>
    </Filter>
    <Filter Include="Resource Files">
      <UniqueIdentifier>{67DA6AB6-F800-4c08-8B7A-83BB121AAD01}</UniqueIdentifier>
      <Extensions>rc;ico;cur;bmp;dlg;rc2;rct;bin;rgs;gif;jpg;jpeg;jpe;resx;tiff;tif;png;wav;mfcribbon-ms</Extensions>
    </Filter>
  </ItemGroup>
  <ItemGroup>
    <ClInclude Include="nuklear_internal.h">
      <Filter>Header Files</Filter>
    </ClInclude>
  </ItemGroup>
  <ItemGroup>
    <ClCompile Include="nuklear_buffer.c">
      <Filter>Source Files</Filter>
    </ClCompile>
    <ClCompile Include="nuklear_button.c">
      <Filter>Source Files</Filter>
    </ClCompile>
    <ClCompile Include="nuklear_chart.c">
      <Filter>Source Files</Filter>
    </ClCompile>
    <ClCompile Include="nuklear_color.c">
      <Filter>Source Files</Filter>
    </ClCompile>
    <ClCompile Include="nuklear_color_picker.c">
      <Filter>Source Files</Filter>
    </ClCompile>
    <ClCompile Include="nuklear_combo.c">
      <Filter>Source Files</Filter>
    </ClCompile>
    <ClCompile Include="nuklear_context.c">
      <Filter>Source Files</Filter>
    </ClCompile>
    <ClCompile Include="nuklear_contextual.c">
      <Filter>Source Files</Filter>
    </ClCompile>
    <ClCompile Include="nuklear_draw.c">
      <Filter>Source Files</Filter>
    </ClCompile>
    <ClCompile Include="nuklear_edit.c">
      <Filter>Source Files</Filter>
    </ClCompile>
    <ClCompile Include="nuklear_font.c">
      <Filter>Source Files</Filter>
    </ClCompile>
    <ClCompile Include="nuklear_group.c">
      <Filter>Source Files</Filter>
    </ClCompile>
    <ClCompile Include="nuklear_image.c">
      <Filter>Source Files</Filter>
    </ClCompile>
    <ClCompile Include="nuklear_input.c">
      <Filter>Source Files</Filter>
    </ClCompile>
    <ClCompile Include="nuklear_layout.c">
      <Filter>Source Files</Filter>
    </ClCompile>
    <ClCompile Include="nuklear_list_view.c">
      <Filter>Source Files</Filter>
    </ClCompile>
    <ClCompile Include="nuklear_math.c">
      <Filter>Source Files</Filter>
    </ClCompile>
    <ClCompile Include="nuklear_menu.c">
      <Filter>Source Files</Filter>
    </ClCompile>
    <ClCompile Include="nuklear_page_element.c">
      <Filter>Source Files</Filter>
    </ClCompile>
    <ClCompile Include="nuklear_panel.c">
      <Filter>Source Files</Filter>
    </ClCompile>
    <ClCompile Include="nuklear_pool.c">
      <Filter>Source Files</Filter>
    </ClCompile>
    <ClCompile Include="nuklear_popup.c">
      <Filter>Source Files</Filter>
    </ClCompile>
    <ClCompile Include="nuklear_progress.c">
      <Filter>Source Files</Filter>
    </ClCompile>
    <ClCompile Include="nuklear_property.c">
      <Filter>Source Files</Filter>
    </ClCompile>
    <ClCompile Include="nuklear_scrollbar.c">
      <Filter>Source Files</Filter>
    </ClCompile>
    <ClCompile Include="nuklear_selectable.c">
      <Filter>Source Files</Filter>
    </ClCompile>
    <ClCompile Include="nuklear_slider.c">
      <Filter>Source Files</Filter>
    </ClCompile>
    <ClCompile Include="nuklear_string.c">
      <Filter>Source Files</Filter>
    </ClCompile>
    <ClCompile Include="nuklear_style.c">
      <Filter>Source Files</Filter>
    </ClCompile>
    <ClCompile Include="nuklear_table.c">
      <Filter>Source Files</Filter>
    </ClCompile>
    <ClCompile Include="nuklear_text.c">
      <Filter>Source Files</Filter>
    </ClCompile>
    <ClCompile Include="nuklear_text_editor.c">
      <Filter>Source Files</Filter>
    </ClCompile>
    <ClCompile Include="nuklear_toggle.c">
      <Filter>Source Files</Filter>
    </ClCompile>
    <ClCompile Include="nuklear_tooltip.c">
      <Filter>Source Files</Filter>
    </ClCompile>
    <ClCompile Include="nuklear_tree.c">
      <Filter>Source Files</Filter>
    </ClCompile>
    <ClCompile Include="nuklear_utf8.c">
      <Filter>Source Files</Filter>
    </ClCompile>
    <ClCompile Include="nuklear_util.c">
      <Filter>Source Files</Filter>
    </ClCompile>
    <ClCompile Include="nuklear_vertex.c">
      <Filter>Source Files</Filter>
    </ClCompile>
    <ClCompile Include="nuklear_widget.c">
      <Filter>Source Files</Filter>
    </ClCompile>
    <ClCompile Include="nuklear_window.c">
      <Filter>Source Files</Filter>
    </ClCompile>
  </ItemGroup>
</Project>