<?xml version="1.0" encoding="utf-8"?>
<Project ToolsVersion="4.0" xmlns="http://schemas.microsoft.com/developer/msbuild/2003">
  <ItemGroup>
    <Filter Include="Source Files">
      <UniqueIdentifier>{4FC737F1-C7A5-4376-A066-2A32D752A2FF}</UniqueIdentifier>
      <Extensions>cpp;c;cc;cxx;def;odl;idl;hpj;bat;asm;asmx</Extensions>
    </Filter>
    <Filter Include="Header Files">
      <UniqueIdentifier>{93995380-89BD-4b04-88EB-625FBE52EBFB}</UniqueIdentifier>
      <Extensions>h;hh;hpp;hxx;hm;inl;inc;ipp;xsd</Extensions>
    </Filter>
    <Filter Include="Resource Files">
      <UniqueIdentifier>{67DA6AB6-F800-4c08-8B7A-83BB121AAD01}</UniqueIdentifier>
      <Extensions>rc;ico;cur;bmp;dlg;rc2;rct;bin;rgs;gif;jpg;jpeg;jpe;resx;tiff;tif;png;wav;mfcribbon-ms</Extensions>
    </Filter>
  </ItemGroup>
  <ItemGroup>
    <ClInclude Include="PX Framework.hpp">
      <Filter>Source Files</Filter>
    </ClInclude>
    <ClInclude Include="Definitions.hpp">
      <Filter>Header Files</Filter>
    </ClInclude>
    <ClInclude Include="Inclusions.hpp">
      <Filter>Header Files</Filter>
    </ClInclude>
    <ClInclude Include="Application\Input Manager.hpp">
      <Filter>Header Files</Filter>
    </ClInclude>
    <ClInclude Include="Drawing\User Interface.hpp">
      <Filter>Header Files</Filter>
    </ClInclude>
    <ClInclude Include="Application\File Manager.hpp">
      <Filter>Header Files</Filter>
    </ClInclude>
    <ClInclude Include="Security\Cryptography.hpp">
      <Filter>Header Files</Filter>
    </ClInclude>
    <ClInclude Include="Application\Debug.hpp">
      <Filter>Header Files</Filter>
    </ClInclude>
    <ClInclude Include="Drawing\Render Engine.hpp">
      <Filter>Header Files</Filter>
    </ClInclude>
    <ClInclude Include="Application\Tools.hpp">
      <Filter>Header Files</Filter>
    </ClInclude>
    <ClInclude Include="Security\Connectivity.hpp">
      <Filter>Header Files</Filter>
    </ClInclude>
    <ClInclude Include="Application\Types.hpp">
      <Filter>Header Files</Filter>
    </ClInclude>
    <ClInclude Include="Security\System Management.hpp">
      <Filter>Header Files</Filter>
    </ClInclude>
    <ClInclude Include="Drawing\Drawing.hpp">
      <Filter>Header Files</Filter>
    </ClInclude>
  </ItemGroup>
  <ItemGroup>
    <ClCompile Include="Application\Input Manager.cpp">
      <Filter>Source Files</Filter>
    </ClCompile>
    <ClCompile Include="Drawing\User Interface.cpp">
      <Filter>Source Files</Filter>
    </ClCompile>
    <ClCompile Include="Application\File Manager.cpp">
      <Filter>Source Files</Filter>
    </ClCompile>
    <ClCompile Include="Security\Cryptography.cpp">
      <Filter>Source Files</Filter>
    </ClCompile>
    <ClCompile Include="Application\Debug.cpp">
      <Filter>Source Files</Filter>
    </ClCompile>
    <ClCompile Include="Drawing\Render Engine.cpp">
      <Filter>Source Files</Filter>
    </ClCompile>
    <ClCompile Include="Application\Tools.cpp">
      <Filter>Source Files</Filter>
    </ClCompile>
    <ClCompile Include="Security\Connectivity.cpp">
      <Filter>Source Files</Filter>
    </ClCompile>
    <ClCompile Include="Security\System Management.cpp">
      <Filter>Source Files</Filter>
    </ClCompile>
    <ClCompile Include="Application\Types.cpp">
      <Filter>Source Files</Filter>
    </ClCompile>
    <ClCompile Include="Drawing\Drawing.cpp">
      <Filter>Source Files</Filter>
    </ClCompile>
  </ItemGroup>
  <ItemGroup>
    <None Include="Security\Cryptography.inl">
      <Filter>Header Files</Filter>
    </None>
    <None Include="Application\Debug.inl">
      <Filter>Header Files</Filter>
    </None>
    <None Include="Drawing\User Interface.inl">
      <Filter>Header Files</Filter>
    </None>
    <None Include="Application\Tools.inl" />
    <None Include="Application\Types.inl">
      <Filter>Header Files</Filter>
    </None>
  </ItemGroup>
</Project>