
Microsoft Visual Studio Solution File, Format Version 12.00
# Visual Studio 15
VisualStudioVersion = 15.0.26730.16
MinimumVisualStudioVersion = 10.0.40219.1
Project("{8BC9CEB8-8B4A-11D0-8D11-00A0C91BC942}") = "Paladin Config Editor", "Paladin Config Editor\Paladin Config Editor.vcxproj", "{D176F7BC-7E13-4E02-8DAB-D3CFC7477250}"
EndProject
Project("{2150E333-8FDC-42A3-9474-1A3956D46DE8}") = "Solution Items", "Solution Items", "{258406C1-FCEB-4A2C-BD8C-843735D9C966}"
	ProjectSection(SolutionItems) = preProject
		..\README.md = ..\README.md
	EndProjectSection
EndProject
Global
	GlobalSection(SolutionConfigurationPlatforms) = preSolution
		Debug|x64 = Debug|x64
		Debug|x86 = Debug|x86
		Release|x64 = Release|x64
		Release|x86 = Release|x86
	EndGlobalSection
	GlobalSection(ProjectConfigurationPlatforms) = postSolution
		{D176F7BC-7E13-4E02-8DAB-D3CFC7477250}.Debug|x64.ActiveCfg = Debug|x64
		{D176F7BC-7E13-4E02-8DAB-D3CFC7477250}.Debug|x64.Build.0 = Debug|x64
		{D176F7BC-7E13-4E02-8DAB-D3CFC7477250}.Debug|x86.ActiveCfg = Debug|Win32
		{D176F7BC-7E13-4E02-8DAB-D3CFC7477250}.Debug|x86.Build.0 = Debug|Win32
		{D176F7BC-7E13-4E02-8DAB-D3CFC7477250}.Release|x64.ActiveCfg = Release|x64
		{D176F7BC-7E13-4E02-8DAB-D3CFC7477250}.Release|x64.Build.0 = Release|x64
		{D176F7BC-7E13-4E02-8DAB-D3CFC7477250}.Release|x86.ActiveCfg = Release|Win32
		{D176F7BC-7E13-4E02-8DAB-D3CFC7477250}.Release|x86.Build.0 = Release|Win32
	EndGlobalSection
	GlobalSection(SolutionProperties) = preSolution
		HideSolutionNode = FALSE
	EndGlobalSection
	GlobalSection(ExtensibilityGlobals) = postSolution
		SolutionGuid = {8A8BBD3B-AB6D-43D0-B762-C2E45A9FDD52}
	EndGlobalSection
EndGlobal
